// !$*UTF8*$!
{
	archiveVersion = 1;
	classes = {
	};
	objectVersion = 55;
	objects = {

/* Begin PBXBuildFile section */
		BD1F91D5717B71D2226B79F1 /* Pods_anime365_tvOS.framework in Frameworks */ = {isa = PBXBuildFile; fileRef = 66ABA2E1145093E04EE69BFD /* Pods_anime365_tvOS.framework */; };
		E90CBB3228AFFCE600FB1692 /* Genre.swift in Sources */ = {isa = PBXBuildFile; fileRef = E90CBB3128AFFCE600FB1692 /* Genre.swift */; };
		E9134C8328A6A62B001D25EC /* AppDelegate.swift in Sources */ = {isa = PBXBuildFile; fileRef = E9134C8228A6A62B001D25EC /* AppDelegate.swift */; };
		E9134C8528A6A62B001D25EC /* LoginViewController.swift in Sources */ = {isa = PBXBuildFile; fileRef = E9134C8428A6A62B001D25EC /* LoginViewController.swift */; };
		E9134C8828A6A62B001D25EC /* Main.storyboard in Resources */ = {isa = PBXBuildFile; fileRef = E9134C8628A6A62B001D25EC /* Main.storyboard */; };
		E9134C8A28A6A62C001D25EC /* Assets.xcassets in Resources */ = {isa = PBXBuildFile; fileRef = E9134C8928A6A62C001D25EC /* Assets.xcassets */; };
		E9134C8D28A6A62C001D25EC /* LaunchScreen.storyboard in Resources */ = {isa = PBXBuildFile; fileRef = E9134C8B28A6A62C001D25EC /* LaunchScreen.storyboard */; };
		E95DB93128AAB13800D3791B /* NewEpisodesViewController.swift in Sources */ = {isa = PBXBuildFile; fileRef = E95DB93028AAB13800D3791B /* NewEpisodesViewController.swift */; };
		E95DB93428AABEED00D3791B /* EpisodeToWatchCollectionViewCell.swift in Sources */ = {isa = PBXBuildFile; fileRef = E95DB93228AABEED00D3791B /* EpisodeToWatchCollectionViewCell.swift */; };
		E95DB93528AABEED00D3791B /* EpisodeToWatchCollectionViewCell.xib in Resources */ = {isa = PBXBuildFile; fileRef = E95DB93328AABEED00D3791B /* EpisodeToWatchCollectionViewCell.xib */; };
		E96646FF28AEA6850031E4EF /* MainCollectionViewCell.swift in Sources */ = {isa = PBXBuildFile; fileRef = E96646FE28AEA6850031E4EF /* MainCollectionViewCell.swift */; };
		E968976828A6B57900C62ACA /* Session.swift in Sources */ = {isa = PBXBuildFile; fileRef = E968976728A6B57900C62ACA /* Session.swift */; };
		E968976A28A6C0E500C62ACA /* Networker.swift in Sources */ = {isa = PBXBuildFile; fileRef = E968976928A6C0E500C62ACA /* Networker.swift */; };
		E968976C28A6E45F00C62ACA /* String+Groups.swift in Sources */ = {isa = PBXBuildFile; fileRef = E968976B28A6E45F00C62ACA /* String+Groups.swift */; };
		E968976E28A6E4B200C62ACA /* UITextField+ShowError.swift in Sources */ = {isa = PBXBuildFile; fileRef = E968976D28A6E4B200C62ACA /* UITextField+ShowError.swift */; };
		E968977228A6E74400C62ACA /* SessionData.swift in Sources */ = {isa = PBXBuildFile; fileRef = E968977128A6E74400C62ACA /* SessionData.swift */; };
		E98A4E6128A9029D000295CD /* SiteAnime.swift in Sources */ = {isa = PBXBuildFile; fileRef = E98A4E6028A9029D000295CD /* SiteAnime.swift */; };
		E98A4E6428A903F1000295CD /* SiteEpisode.swift in Sources */ = {isa = PBXBuildFile; fileRef = E98A4E6328A903F1000295CD /* SiteEpisode.swift */; };
		E98A4E6628A90549000295CD /* ImageFromInternet.swift in Sources */ = {isa = PBXBuildFile; fileRef = E98A4E6528A90549000295CD /* ImageFromInternet.swift */; };
		E98A4E6828A905D5000295CD /* SiteGenre.swift in Sources */ = {isa = PBXBuildFile; fileRef = E98A4E6728A905D5000295CD /* SiteGenre.swift */; };
		E98A4E6A28A911DF000295CD /* SiteResult.swift in Sources */ = {isa = PBXBuildFile; fileRef = E98A4E6928A911DF000295CD /* SiteResult.swift */; };
		E98A4E7B28A92320000295CD /* AnimeCollectionViewCell.swift in Sources */ = {isa = PBXBuildFile; fileRef = E98A4E7928A92320000295CD /* AnimeCollectionViewCell.swift */; };
		E98A4E7C28A92320000295CD /* AnimeCollectionViewCell.xib in Resources */ = {isa = PBXBuildFile; fileRef = E98A4E7A28A92320000295CD /* AnimeCollectionViewCell.xib */; };
		E98A4E7F28A92501000295CD /* Anime.swift in Sources */ = {isa = PBXBuildFile; fileRef = E98A4E7E28A92501000295CD /* Anime.swift */; };
		E98A4E8128A93CAF000295CD /* AnimeViewController.swift in Sources */ = {isa = PBXBuildFile; fileRef = E98A4E8028A93CAF000295CD /* AnimeViewController.swift */; };
		E98A4E8528A94E30000295CD /* Episode.swift in Sources */ = {isa = PBXBuildFile; fileRef = E98A4E8428A94E30000295CD /* Episode.swift */; };
		E98A4E8828A9507E000295CD /* EpisodeCollectionViewCell.swift in Sources */ = {isa = PBXBuildFile; fileRef = E98A4E8628A9507E000295CD /* EpisodeCollectionViewCell.swift */; };
		E98A4E8928A9507E000295CD /* EpisodeCollectionViewCell.xib in Resources */ = {isa = PBXBuildFile; fileRef = E98A4E8728A9507E000295CD /* EpisodeCollectionViewCell.xib */; };
		E98A4E8B28A95A40000295CD /* EpisodeWithTranslations.swift in Sources */ = {isa = PBXBuildFile; fileRef = E98A4E8A28A95A40000295CD /* EpisodeWithTranslations.swift */; };
		E98A4E8D28A95C73000295CD /* SiteEpisodeWithTranslations.swift in Sources */ = {isa = PBXBuildFile; fileRef = E98A4E8C28A95C73000295CD /* SiteEpisodeWithTranslations.swift */; };
		E98A4E8F28A95E7A000295CD /* SiteTranslation.swift in Sources */ = {isa = PBXBuildFile; fileRef = E98A4E8E28A95E7A000295CD /* SiteTranslation.swift */; };
		E98A4E9128A95F19000295CD /* Translation.swift in Sources */ = {isa = PBXBuildFile; fileRef = E98A4E9028A95F19000295CD /* Translation.swift */; };
		E98A4E9328A9649C000295CD /* EpisodeViewController.swift in Sources */ = {isa = PBXBuildFile; fileRef = E98A4E9228A9649C000295CD /* EpisodeViewController.swift */; };
		E98A4E9A28A96EDA000295CD /* TypeOfTraslationCollectionViewCell.swift in Sources */ = {isa = PBXBuildFile; fileRef = E98A4E9828A96EDA000295CD /* TypeOfTraslationCollectionViewCell.swift */; };
		E98A4E9B28A96EDA000295CD /* TypeOfTraslationCollectionViewCell.xib in Resources */ = {isa = PBXBuildFile; fileRef = E98A4E9928A96EDA000295CD /* TypeOfTraslationCollectionViewCell.xib */; };
		E98A4E9E28A9734F000295CD /* TranslationCollectionViewCell.swift in Sources */ = {isa = PBXBuildFile; fileRef = E98A4E9C28A9734F000295CD /* TranslationCollectionViewCell.swift */; };
		E98A4E9F28A9734F000295CD /* TranslationCollectionViewCell.xib in Resources */ = {isa = PBXBuildFile; fileRef = E98A4E9D28A9734F000295CD /* TranslationCollectionViewCell.xib */; };
		E98A4EA128A97EF5000295CD /* SiteTranslationData.swift in Sources */ = {isa = PBXBuildFile; fileRef = E98A4EA028A97EF5000295CD /* SiteTranslationData.swift */; };
		E98A4EA328A97FAB000295CD /* SiteDownloadTranslationData.swift in Sources */ = {isa = PBXBuildFile; fileRef = E98A4EA228A97FAB000295CD /* SiteDownloadTranslationData.swift */; };
		E98A4EA528A9800C000295CD /* SiteStreamTranslationData.swift in Sources */ = {isa = PBXBuildFile; fileRef = E98A4EA428A9800C000295CD /* SiteStreamTranslationData.swift */; };
		E98A4EA728A98A2D000295CD /* PlayerViewController.swift in Sources */ = {isa = PBXBuildFile; fileRef = E98A4EA628A98A2D000295CD /* PlayerViewController.swift */; };
		E9A4B75A28A6F336001A58DD /* CatalogViewController.swift in Sources */ = {isa = PBXBuildFile; fileRef = E9A4B75928A6F336001A58DD /* CatalogViewController.swift */; };
		E9C035D528AD526200B924B1 /* CatalogViewControllerDelegate.swift in Sources */ = {isa = PBXBuildFile; fileRef = E9C035D428AD526200B924B1 /* CatalogViewControllerDelegate.swift */; };
		E9C035D728AD57E400B924B1 /* UICollectionView+UpdateFocus.swift in Sources */ = {isa = PBXBuildFile; fileRef = E9C035D628AD57E400B924B1 /* UICollectionView+UpdateFocus.swift */; };
		E9C92E6028B01EB300AB2DD4 /* SiteAnimeDescription.swift in Sources */ = {isa = PBXBuildFile; fileRef = E9C92E5F28B01EB300AB2DD4 /* SiteAnimeDescription.swift */; };
		E9C92E6228B01EF400AB2DD4 /* AnimeDescription.swift in Sources */ = {isa = PBXBuildFile; fileRef = E9C92E6128B01EF400AB2DD4 /* AnimeDescription.swift */; };
		E9F1453E28AB872A00C3A5B2 /* TabBarViewController.swift in Sources */ = {isa = PBXBuildFile; fileRef = E9F1453D28AB872A00C3A5B2 /* TabBarViewController.swift */; };
		E9F1454028ABAE8200C3A5B2 /* SearchViewController.swift in Sources */ = {isa = PBXBuildFile; fileRef = E9F1453F28ABAE8200C3A5B2 /* SearchViewController.swift */; };
		E9F1454428ABCDE100C3A5B2 /* AllControlles.swift in Sources */ = {isa = PBXBuildFile; fileRef = E9F1454328ABCDE100C3A5B2 /* AllControlles.swift */; };
/* End PBXBuildFile section */

/* Begin PBXFileReference section */
		66ABA2E1145093E04EE69BFD /* Pods_anime365_tvOS.framework */ = {isa = PBXFileReference; explicitFileType = wrapper.framework; includeInIndex = 0; path = Pods_anime365_tvOS.framework; sourceTree = BUILT_PRODUCTS_DIR; };
		8956EF48CD7B572188958574 /* Pods-anime365-tvOS.release.xcconfig */ = {isa = PBXFileReference; includeInIndex = 1; lastKnownFileType = text.xcconfig; name = "Pods-anime365-tvOS.release.xcconfig"; path = "Target Support Files/Pods-anime365-tvOS/Pods-anime365-tvOS.release.xcconfig"; sourceTree = "<group>"; };
		8A6025DBE0121808A8DE9E74 /* Pods-anime365-tvOS.debug.xcconfig */ = {isa = PBXFileReference; includeInIndex = 1; lastKnownFileType = text.xcconfig; name = "Pods-anime365-tvOS.debug.xcconfig"; path = "Target Support Files/Pods-anime365-tvOS/Pods-anime365-tvOS.debug.xcconfig"; sourceTree = "<group>"; };
		E90CBB3128AFFCE600FB1692 /* Genre.swift */ = {isa = PBXFileReference; lastKnownFileType = sourcecode.swift; path = Genre.swift; sourceTree = "<group>"; };
		E9134C7F28A6A62B001D25EC /* anime365-tvOS.app */ = {isa = PBXFileReference; explicitFileType = wrapper.application; includeInIndex = 0; path = "anime365-tvOS.app"; sourceTree = BUILT_PRODUCTS_DIR; };
		E9134C8228A6A62B001D25EC /* AppDelegate.swift */ = {isa = PBXFileReference; lastKnownFileType = sourcecode.swift; path = AppDelegate.swift; sourceTree = "<group>"; };
		E9134C8428A6A62B001D25EC /* LoginViewController.swift */ = {isa = PBXFileReference; lastKnownFileType = sourcecode.swift; path = LoginViewController.swift; sourceTree = "<group>"; };
		E9134C8728A6A62B001D25EC /* Base */ = {isa = PBXFileReference; lastKnownFileType = file.storyboard; name = Base; path = Base.lproj/Main.storyboard; sourceTree = "<group>"; };
		E9134C8928A6A62C001D25EC /* Assets.xcassets */ = {isa = PBXFileReference; lastKnownFileType = folder.assetcatalog; path = Assets.xcassets; sourceTree = "<group>"; };
		E9134C8C28A6A62C001D25EC /* Base */ = {isa = PBXFileReference; lastKnownFileType = file.storyboard; name = Base; path = Base.lproj/LaunchScreen.storyboard; sourceTree = "<group>"; };
		E95DB93028AAB13800D3791B /* NewEpisodesViewController.swift */ = {isa = PBXFileReference; lastKnownFileType = sourcecode.swift; path = NewEpisodesViewController.swift; sourceTree = "<group>"; };
		E95DB93228AABEED00D3791B /* EpisodeToWatchCollectionViewCell.swift */ = {isa = PBXFileReference; lastKnownFileType = sourcecode.swift; path = EpisodeToWatchCollectionViewCell.swift; sourceTree = "<group>"; };
		E95DB93328AABEED00D3791B /* EpisodeToWatchCollectionViewCell.xib */ = {isa = PBXFileReference; lastKnownFileType = file.xib; path = EpisodeToWatchCollectionViewCell.xib; sourceTree = "<group>"; };
		E96646FE28AEA6850031E4EF /* MainCollectionViewCell.swift */ = {isa = PBXFileReference; lastKnownFileType = sourcecode.swift; path = MainCollectionViewCell.swift; sourceTree = "<group>"; };
		E968976728A6B57900C62ACA /* Session.swift */ = {isa = PBXFileReference; lastKnownFileType = sourcecode.swift; path = Session.swift; sourceTree = "<group>"; };
		E968976928A6C0E500C62ACA /* Networker.swift */ = {isa = PBXFileReference; lastKnownFileType = sourcecode.swift; path = Networker.swift; sourceTree = "<group>"; };
		E968976B28A6E45F00C62ACA /* String+Groups.swift */ = {isa = PBXFileReference; lastKnownFileType = sourcecode.swift; path = "String+Groups.swift"; sourceTree = "<group>"; };
		E968976D28A6E4B200C62ACA /* UITextField+ShowError.swift */ = {isa = PBXFileReference; lastKnownFileType = sourcecode.swift; path = "UITextField+ShowError.swift"; sourceTree = "<group>"; };
		E968977128A6E74400C62ACA /* SessionData.swift */ = {isa = PBXFileReference; lastKnownFileType = sourcecode.swift; path = SessionData.swift; sourceTree = "<group>"; };
		E98A4E6028A9029D000295CD /* SiteAnime.swift */ = {isa = PBXFileReference; lastKnownFileType = sourcecode.swift; path = SiteAnime.swift; sourceTree = "<group>"; };
		E98A4E6328A903F1000295CD /* SiteEpisode.swift */ = {isa = PBXFileReference; lastKnownFileType = sourcecode.swift; path = SiteEpisode.swift; sourceTree = "<group>"; };
		E98A4E6528A90549000295CD /* ImageFromInternet.swift */ = {isa = PBXFileReference; lastKnownFileType = sourcecode.swift; path = ImageFromInternet.swift; sourceTree = "<group>"; };
		E98A4E6728A905D5000295CD /* SiteGenre.swift */ = {isa = PBXFileReference; lastKnownFileType = sourcecode.swift; path = SiteGenre.swift; sourceTree = "<group>"; };
		E98A4E6928A911DF000295CD /* SiteResult.swift */ = {isa = PBXFileReference; lastKnownFileType = sourcecode.swift; path = SiteResult.swift; sourceTree = "<group>"; };
		E98A4E7928A92320000295CD /* AnimeCollectionViewCell.swift */ = {isa = PBXFileReference; lastKnownFileType = sourcecode.swift; path = AnimeCollectionViewCell.swift; sourceTree = "<group>"; };
		E98A4E7A28A92320000295CD /* AnimeCollectionViewCell.xib */ = {isa = PBXFileReference; lastKnownFileType = file.xib; path = AnimeCollectionViewCell.xib; sourceTree = "<group>"; };
		E98A4E7E28A92501000295CD /* Anime.swift */ = {isa = PBXFileReference; lastKnownFileType = sourcecode.swift; path = Anime.swift; sourceTree = "<group>"; };
		E98A4E8028A93CAF000295CD /* AnimeViewController.swift */ = {isa = PBXFileReference; lastKnownFileType = sourcecode.swift; path = AnimeViewController.swift; sourceTree = "<group>"; };
		E98A4E8428A94E30000295CD /* Episode.swift */ = {isa = PBXFileReference; lastKnownFileType = sourcecode.swift; path = Episode.swift; sourceTree = "<group>"; };
		E98A4E8628A9507E000295CD /* EpisodeCollectionViewCell.swift */ = {isa = PBXFileReference; lastKnownFileType = sourcecode.swift; path = EpisodeCollectionViewCell.swift; sourceTree = "<group>"; };
		E98A4E8728A9507E000295CD /* EpisodeCollectionViewCell.xib */ = {isa = PBXFileReference; lastKnownFileType = file.xib; path = EpisodeCollectionViewCell.xib; sourceTree = "<group>"; };
		E98A4E8A28A95A40000295CD /* EpisodeWithTranslations.swift */ = {isa = PBXFileReference; lastKnownFileType = sourcecode.swift; path = EpisodeWithTranslations.swift; sourceTree = "<group>"; };
		E98A4E8C28A95C73000295CD /* SiteEpisodeWithTranslations.swift */ = {isa = PBXFileReference; lastKnownFileType = sourcecode.swift; path = SiteEpisodeWithTranslations.swift; sourceTree = "<group>"; };
		E98A4E8E28A95E7A000295CD /* SiteTranslation.swift */ = {isa = PBXFileReference; lastKnownFileType = sourcecode.swift; path = SiteTranslation.swift; sourceTree = "<group>"; };
		E98A4E9028A95F19000295CD /* Translation.swift */ = {isa = PBXFileReference; lastKnownFileType = sourcecode.swift; path = Translation.swift; sourceTree = "<group>"; };
		E98A4E9228A9649C000295CD /* EpisodeViewController.swift */ = {isa = PBXFileReference; lastKnownFileType = sourcecode.swift; path = EpisodeViewController.swift; sourceTree = "<group>"; };
		E98A4E9828A96EDA000295CD /* TypeOfTraslationCollectionViewCell.swift */ = {isa = PBXFileReference; lastKnownFileType = sourcecode.swift; path = TypeOfTraslationCollectionViewCell.swift; sourceTree = "<group>"; };
		E98A4E9928A96EDA000295CD /* TypeOfTraslationCollectionViewCell.xib */ = {isa = PBXFileReference; lastKnownFileType = file.xib; path = TypeOfTraslationCollectionViewCell.xib; sourceTree = "<group>"; };
		E98A4E9C28A9734F000295CD /* TranslationCollectionViewCell.swift */ = {isa = PBXFileReference; lastKnownFileType = sourcecode.swift; path = TranslationCollectionViewCell.swift; sourceTree = "<group>"; };
		E98A4E9D28A9734F000295CD /* TranslationCollectionViewCell.xib */ = {isa = PBXFileReference; lastKnownFileType = file.xib; path = TranslationCollectionViewCell.xib; sourceTree = "<group>"; };
		E98A4EA028A97EF5000295CD /* SiteTranslationData.swift */ = {isa = PBXFileReference; lastKnownFileType = sourcecode.swift; path = SiteTranslationData.swift; sourceTree = "<group>"; };
		E98A4EA228A97FAB000295CD /* SiteDownloadTranslationData.swift */ = {isa = PBXFileReference; lastKnownFileType = sourcecode.swift; path = SiteDownloadTranslationData.swift; sourceTree = "<group>"; };
		E98A4EA428A9800C000295CD /* SiteStreamTranslationData.swift */ = {isa = PBXFileReference; lastKnownFileType = sourcecode.swift; path = SiteStreamTranslationData.swift; sourceTree = "<group>"; };
		E98A4EA628A98A2D000295CD /* PlayerViewController.swift */ = {isa = PBXFileReference; lastKnownFileType = sourcecode.swift; path = PlayerViewController.swift; sourceTree = "<group>"; };
		E9A4B75928A6F336001A58DD /* CatalogViewController.swift */ = {isa = PBXFileReference; lastKnownFileType = sourcecode.swift; path = CatalogViewController.swift; sourceTree = "<group>"; };
		E9C035D428AD526200B924B1 /* CatalogViewControllerDelegate.swift */ = {isa = PBXFileReference; lastKnownFileType = sourcecode.swift; path = CatalogViewControllerDelegate.swift; sourceTree = "<group>"; };
		E9C035D628AD57E400B924B1 /* UICollectionView+UpdateFocus.swift */ = {isa = PBXFileReference; lastKnownFileType = sourcecode.swift; path = "UICollectionView+UpdateFocus.swift"; sourceTree = "<group>"; };
		E9C92E5F28B01EB300AB2DD4 /* SiteAnimeDescription.swift */ = {isa = PBXFileReference; lastKnownFileType = sourcecode.swift; path = SiteAnimeDescription.swift; sourceTree = "<group>"; };
		E9C92E6128B01EF400AB2DD4 /* AnimeDescription.swift */ = {isa = PBXFileReference; lastKnownFileType = sourcecode.swift; path = AnimeDescription.swift; sourceTree = "<group>"; };
		E9F1453D28AB872A00C3A5B2 /* TabBarViewController.swift */ = {isa = PBXFileReference; lastKnownFileType = sourcecode.swift; path = TabBarViewController.swift; sourceTree = "<group>"; };
		E9F1453F28ABAE8200C3A5B2 /* SearchViewController.swift */ = {isa = PBXFileReference; lastKnownFileType = sourcecode.swift; path = SearchViewController.swift; sourceTree = "<group>"; };
		E9F1454328ABCDE100C3A5B2 /* AllControlles.swift */ = {isa = PBXFileReference; lastKnownFileType = sourcecode.swift; path = AllControlles.swift; sourceTree = "<group>"; };
/* End PBXFileReference section */

/* Begin PBXFrameworksBuildPhase section */
		E9134C7C28A6A62B001D25EC /* Frameworks */ = {
			isa = PBXFrameworksBuildPhase;
			buildActionMask = 2147483647;
			files = (
				BD1F91D5717B71D2226B79F1 /* Pods_anime365_tvOS.framework in Frameworks */,
			);
			runOnlyForDeploymentPostprocessing = 0;
		};
/* End PBXFrameworksBuildPhase section */

/* Begin PBXGroup section */
		837F0E0BCD25E2E9C0D54CDA /* Pods */ = {
			isa = PBXGroup;
			children = (
				8A6025DBE0121808A8DE9E74 /* Pods-anime365-tvOS.debug.xcconfig */,
				8956EF48CD7B572188958574 /* Pods-anime365-tvOS.release.xcconfig */,
			);
			path = Pods;
			sourceTree = "<group>";
		};
		9A2BC9A9DC101DA1D590D699 /* Frameworks */ = {
			isa = PBXGroup;
			children = (
				66ABA2E1145093E04EE69BFD /* Pods_anime365_tvOS.framework */,
			);
			name = Frameworks;
			sourceTree = "<group>";
		};
		E9134C7628A6A62B001D25EC = {
			isa = PBXGroup;
			children = (
				E9134C8128A6A62B001D25EC /* anime365-tvOS */,
				E9134C8028A6A62B001D25EC /* Products */,
				837F0E0BCD25E2E9C0D54CDA /* Pods */,
				9A2BC9A9DC101DA1D590D699 /* Frameworks */,
			);
			sourceTree = "<group>";
		};
		E9134C8028A6A62B001D25EC /* Products */ = {
			isa = PBXGroup;
			children = (
				E9134C7F28A6A62B001D25EC /* anime365-tvOS.app */,
			);
			name = Products;
			sourceTree = "<group>";
		};
		E9134C8128A6A62B001D25EC /* anime365-tvOS */ = {
			isa = PBXGroup;
			children = (
				E9134C9528A6A6B2001D25EC /* Controllers */,
				E9134C9428A6A69B001D25EC /* Views */,
				E9134C9328A6A68A001D25EC /* System */,
				E9134C8928A6A62C001D25EC /* Assets.xcassets */,
				E968977028A6E73600C62ACA /* Models */,
				E968976F28A6E4E000C62ACA /* Extensions */,
				E9C035D328AD524A00B924B1 /* Protocols */,
			);
			path = "anime365-tvOS";
			sourceTree = "<group>";
		};
		E9134C9328A6A68A001D25EC /* System */ = {
			isa = PBXGroup;
			children = (
				E9F1454328ABCDE100C3A5B2 /* AllControlles.swift */,
				E968976928A6C0E500C62ACA /* Networker.swift */,
				E968976728A6B57900C62ACA /* Session.swift */,
				E90CBB3128AFFCE600FB1692 /* Genre.swift */,
				E9134C8228A6A62B001D25EC /* AppDelegate.swift */,
			);
			path = System;
			sourceTree = "<group>";
		};
		E9134C9428A6A69B001D25EC /* Views */ = {
			isa = PBXGroup;
			children = (
				E9134C8628A6A62B001D25EC /* Main.storyboard */,
				E9134C8B28A6A62C001D25EC /* LaunchScreen.storyboard */,
			);
			path = Views;
			sourceTree = "<group>";
		};
		E9134C9528A6A6B2001D25EC /* Controllers */ = {
			isa = PBXGroup;
			children = (
				E98A4E7428A92272000295CD /* Cells */,
				E9134C8428A6A62B001D25EC /* LoginViewController.swift */,
				E95DB93028AAB13800D3791B /* NewEpisodesViewController.swift */,
				E9A4B75928A6F336001A58DD /* CatalogViewController.swift */,
				E9F1453D28AB872A00C3A5B2 /* TabBarViewController.swift */,
				E98A4E8028A93CAF000295CD /* AnimeViewController.swift */,
				E9F1453F28ABAE8200C3A5B2 /* SearchViewController.swift */,
				E98A4E9228A9649C000295CD /* EpisodeViewController.swift */,
				E98A4EA628A98A2D000295CD /* PlayerViewController.swift */,
			);
			path = Controllers;
			sourceTree = "<group>";
		};
		E968976F28A6E4E000C62ACA /* Extensions */ = {
			isa = PBXGroup;
			children = (
				E968976B28A6E45F00C62ACA /* String+Groups.swift */,
				E968976D28A6E4B200C62ACA /* UITextField+ShowError.swift */,
				E9C035D628AD57E400B924B1 /* UICollectionView+UpdateFocus.swift */,
			);
			path = Extensions;
			sourceTree = "<group>";
		};
		E968977028A6E73600C62ACA /* Models */ = {
			isa = PBXGroup;
			children = (
				E968977128A6E74400C62ACA /* SessionData.swift */,
				E98A4E6528A90549000295CD /* ImageFromInternet.swift */,
				E98A4E7D28A924F6000295CD /* App */,
				E98A4E6228A903DA000295CD /* Sites */,
			);
			path = Models;
			sourceTree = "<group>";
		};
		E98A4E6228A903DA000295CD /* Sites */ = {
			isa = PBXGroup;
			children = (
				E98A4E6028A9029D000295CD /* SiteAnime.swift */,
				E98A4E6928A911DF000295CD /* SiteResult.swift */,
				E98A4EA228A97FAB000295CD /* SiteDownloadTranslationData.swift */,
				E98A4EA428A9800C000295CD /* SiteStreamTranslationData.swift */,
				E98A4EA028A97EF5000295CD /* SiteTranslationData.swift */,
				E98A4E6328A903F1000295CD /* SiteEpisode.swift */,
				E9C92E5F28B01EB300AB2DD4 /* SiteAnimeDescription.swift */,
				E98A4E8C28A95C73000295CD /* SiteEpisodeWithTranslations.swift */,
				E98A4E8E28A95E7A000295CD /* SiteTranslation.swift */,
				E98A4E6728A905D5000295CD /* SiteGenre.swift */,
			);
			path = Sites;
			sourceTree = "<group>";
		};
		E98A4E7428A92272000295CD /* Cells */ = {
			isa = PBXGroup;
			children = (
				E98A4E7928A92320000295CD /* AnimeCollectionViewCell.swift */,
				E98A4E7A28A92320000295CD /* AnimeCollectionViewCell.xib */,
				E98A4E9C28A9734F000295CD /* TranslationCollectionViewCell.swift */,
				E98A4E9D28A9734F000295CD /* TranslationCollectionViewCell.xib */,
				E98A4E9828A96EDA000295CD /* TypeOfTraslationCollectionViewCell.swift */,
				E98A4E9928A96EDA000295CD /* TypeOfTraslationCollectionViewCell.xib */,
				E98A4E8628A9507E000295CD /* EpisodeCollectionViewCell.swift */,
				E98A4E8728A9507E000295CD /* EpisodeCollectionViewCell.xib */,
				E95DB93228AABEED00D3791B /* EpisodeToWatchCollectionViewCell.swift */,
				E95DB93328AABEED00D3791B /* EpisodeToWatchCollectionViewCell.xib */,
				E96646FE28AEA6850031E4EF /* MainCollectionViewCell.swift */,
			);
			path = Cells;
			sourceTree = "<group>";
		};
		E98A4E7D28A924F6000295CD /* App */ = {
			isa = PBXGroup;
			children = (
				E98A4E7E28A92501000295CD /* Anime.swift */,
				E98A4E8428A94E30000295CD /* Episode.swift */,
				E9C92E6128B01EF400AB2DD4 /* AnimeDescription.swift */,
				E98A4E8A28A95A40000295CD /* EpisodeWithTranslations.swift */,
				E98A4E9028A95F19000295CD /* Translation.swift */,
			);
			path = App;
			sourceTree = "<group>";
		};
		E9C035D328AD524A00B924B1 /* Protocols */ = {
			isa = PBXGroup;
			children = (
				E9C035D428AD526200B924B1 /* CatalogViewControllerDelegate.swift */,
			);
			path = Protocols;
			sourceTree = "<group>";
		};
/* End PBXGroup section */

/* Begin PBXNativeTarget section */
		E9134C7E28A6A62B001D25EC /* anime365-tvOS */ = {
			isa = PBXNativeTarget;
			buildConfigurationList = E9134C9028A6A62C001D25EC /* Build configuration list for PBXNativeTarget "anime365-tvOS" */;
			buildPhases = (
				0DBFCDB092E3253A58FEA4F2 /* [CP] Check Pods Manifest.lock */,
				E9134C7B28A6A62B001D25EC /* Sources */,
				E9134C7C28A6A62B001D25EC /* Frameworks */,
				E9134C7D28A6A62B001D25EC /* Resources */,
				AF8B0FCFE6BCB754C172FAD0 /* [CP] Embed Pods Frameworks */,
			);
			buildRules = (
			);
			dependencies = (
			);
			name = "anime365-tvOS";
			productName = "anime365-tvOS";
			productReference = E9134C7F28A6A62B001D25EC /* anime365-tvOS.app */;
			productType = "com.apple.product-type.application";
		};
/* End PBXNativeTarget section */

/* Begin PBXProject section */
		E9134C7728A6A62B001D25EC /* Project object */ = {
			isa = PBXProject;
			attributes = {
				BuildIndependentTargetsInParallel = 1;
				LastSwiftUpdateCheck = 1340;
				LastUpgradeCheck = 1340;
				TargetAttributes = {
					E9134C7E28A6A62B001D25EC = {
						CreatedOnToolsVersion = 13.4.1;
					};
				};
			};
			buildConfigurationList = E9134C7A28A6A62B001D25EC /* Build configuration list for PBXProject "anime365-tvOS" */;
			compatibilityVersion = "Xcode 13.0";
			developmentRegion = en;
			hasScannedForEncodings = 0;
			knownRegions = (
				en,
				Base,
			);
			mainGroup = E9134C7628A6A62B001D25EC;
			productRefGroup = E9134C8028A6A62B001D25EC /* Products */;
			projectDirPath = "";
			projectRoot = "";
			targets = (
				E9134C7E28A6A62B001D25EC /* anime365-tvOS */,
			);
		};
/* End PBXProject section */

/* Begin PBXResourcesBuildPhase section */
		E9134C7D28A6A62B001D25EC /* Resources */ = {
			isa = PBXResourcesBuildPhase;
			buildActionMask = 2147483647;
			files = (
				E9134C8D28A6A62C001D25EC /* LaunchScreen.storyboard in Resources */,
				E98A4E9F28A9734F000295CD /* TranslationCollectionViewCell.xib in Resources */,
				E98A4E9B28A96EDA000295CD /* TypeOfTraslationCollectionViewCell.xib in Resources */,
				E98A4E8928A9507E000295CD /* EpisodeCollectionViewCell.xib in Resources */,
				E98A4E7C28A92320000295CD /* AnimeCollectionViewCell.xib in Resources */,
				E9134C8A28A6A62C001D25EC /* Assets.xcassets in Resources */,
				E9134C8828A6A62B001D25EC /* Main.storyboard in Resources */,
				E95DB93528AABEED00D3791B /* EpisodeToWatchCollectionViewCell.xib in Resources */,
			);
			runOnlyForDeploymentPostprocessing = 0;
		};
/* End PBXResourcesBuildPhase section */

/* Begin PBXShellScriptBuildPhase section */
		0DBFCDB092E3253A58FEA4F2 /* [CP] Check Pods Manifest.lock */ = {
			isa = PBXShellScriptBuildPhase;
			buildActionMask = 2147483647;
			files = (
			);
			inputFileListPaths = (
			);
			inputPaths = (
				"${PODS_PODFILE_DIR_PATH}/Podfile.lock",
				"${PODS_ROOT}/Manifest.lock",
			);
			name = "[CP] Check Pods Manifest.lock";
			outputFileListPaths = (
			);
			outputPaths = (
				"$(DERIVED_FILE_DIR)/Pods-anime365-tvOS-checkManifestLockResult.txt",
			);
			runOnlyForDeploymentPostprocessing = 0;
			shellPath = /bin/sh;
			shellScript = "diff \"${PODS_PODFILE_DIR_PATH}/Podfile.lock\" \"${PODS_ROOT}/Manifest.lock\" > /dev/null\nif [ $? != 0 ] ; then\n    # print error to STDERR\n    echo \"error: The sandbox is not in sync with the Podfile.lock. Run 'pod install' or update your CocoaPods installation.\" >&2\n    exit 1\nfi\n# This output is used by Xcode 'outputs' to avoid re-running this script phase.\necho \"SUCCESS\" > \"${SCRIPT_OUTPUT_FILE_0}\"\n";
			showEnvVarsInLog = 0;
		};
		AF8B0FCFE6BCB754C172FAD0 /* [CP] Embed Pods Frameworks */ = {
			isa = PBXShellScriptBuildPhase;
			buildActionMask = 2147483647;
			files = (
			);
			inputFileListPaths = (
				"${PODS_ROOT}/Target Support Files/Pods-anime365-tvOS/Pods-anime365-tvOS-frameworks-${CONFIGURATION}-input-files.xcfilelist",
			);
			name = "[CP] Embed Pods Frameworks";
			outputFileListPaths = (
				"${PODS_ROOT}/Target Support Files/Pods-anime365-tvOS/Pods-anime365-tvOS-frameworks-${CONFIGURATION}-output-files.xcfilelist",
			);
			runOnlyForDeploymentPostprocessing = 0;
			shellPath = /bin/sh;
			shellScript = "\"${PODS_ROOT}/Target Support Files/Pods-anime365-tvOS/Pods-anime365-tvOS-frameworks.sh\"\n";
			showEnvVarsInLog = 0;
		};
/* End PBXShellScriptBuildPhase section */

/* Begin PBXSourcesBuildPhase section */
		E9134C7B28A6A62B001D25EC /* Sources */ = {
			isa = PBXSourcesBuildPhase;
			buildActionMask = 2147483647;
			files = (
				E968976C28A6E45F00C62ACA /* String+Groups.swift in Sources */,
				E98A4EA728A98A2D000295CD /* PlayerViewController.swift in Sources */,
				E9C92E6228B01EF400AB2DD4 /* AnimeDescription.swift in Sources */,
				E98A4E9A28A96EDA000295CD /* TypeOfTraslationCollectionViewCell.swift in Sources */,
				E968976E28A6E4B200C62ACA /* UITextField+ShowError.swift in Sources */,
				E98A4E6128A9029D000295CD /* SiteAnime.swift in Sources */,
				E9134C8528A6A62B001D25EC /* LoginViewController.swift in Sources */,
				E98A4E8F28A95E7A000295CD /* SiteTranslation.swift in Sources */,
				E90CBB3228AFFCE600FB1692 /* Genre.swift in Sources */,
				E968977228A6E74400C62ACA /* SessionData.swift in Sources */,
				E98A4E6628A90549000295CD /* ImageFromInternet.swift in Sources */,
				E9A4B75A28A6F336001A58DD /* CatalogViewController.swift in Sources */,
				E9134C8328A6A62B001D25EC /* AppDelegate.swift in Sources */,
				E98A4EA328A97FAB000295CD /* SiteDownloadTranslationData.swift in Sources */,
				E98A4E9128A95F19000295CD /* Translation.swift in Sources */,
				E9C035D728AD57E400B924B1 /* UICollectionView+UpdateFocus.swift in Sources */,
				E98A4E7B28A92320000295CD /* AnimeCollectionViewCell.swift in Sources */,
				E98A4E6828A905D5000295CD /* SiteGenre.swift in Sources */,
				E98A4E8D28A95C73000295CD /* SiteEpisodeWithTranslations.swift in Sources */,
				E9F1453E28AB872A00C3A5B2 /* TabBarViewController.swift in Sources */,
				E98A4E9E28A9734F000295CD /* TranslationCollectionViewCell.swift in Sources */,
				E968976828A6B57900C62ACA /* Session.swift in Sources */,
				E98A4E8528A94E30000295CD /* Episode.swift in Sources */,
				E98A4E7F28A92501000295CD /* Anime.swift in Sources */,
				E98A4EA128A97EF5000295CD /* SiteTranslationData.swift in Sources */,
				E9C92E6028B01EB300AB2DD4 /* SiteAnimeDescription.swift in Sources */,
				E98A4E8B28A95A40000295CD /* EpisodeWithTranslations.swift in Sources */,
				E98A4E8828A9507E000295CD /* EpisodeCollectionViewCell.swift in Sources */,
				E95DB93128AAB13800D3791B /* NewEpisodesViewController.swift in Sources */,
				E98A4E6428A903F1000295CD /* SiteEpisode.swift in Sources */,
				E9F1454428ABCDE100C3A5B2 /* AllControlles.swift in Sources */,
				E98A4EA528A9800C000295CD /* SiteStreamTranslationData.swift in Sources */,
				E9F1454028ABAE8200C3A5B2 /* SearchViewController.swift in Sources */,
				E968976A28A6C0E500C62ACA /* Networker.swift in Sources */,
				E98A4E6A28A911DF000295CD /* SiteResult.swift in Sources */,
				E95DB93428AABEED00D3791B /* EpisodeToWatchCollectionViewCell.swift in Sources */,
				E96646FF28AEA6850031E4EF /* MainCollectionViewCell.swift in Sources */,
				E98A4E9328A9649C000295CD /* EpisodeViewController.swift in Sources */,
				E98A4E8128A93CAF000295CD /* AnimeViewController.swift in Sources */,
				E9C035D528AD526200B924B1 /* CatalogViewControllerDelegate.swift in Sources */,
			);
			runOnlyForDeploymentPostprocessing = 0;
		};
/* End PBXSourcesBuildPhase section */

/* Begin PBXVariantGroup section */
		E9134C8628A6A62B001D25EC /* Main.storyboard */ = {
			isa = PBXVariantGroup;
			children = (
				E9134C8728A6A62B001D25EC /* Base */,
			);
			name = Main.storyboard;
			sourceTree = "<group>";
		};
		E9134C8B28A6A62C001D25EC /* LaunchScreen.storyboard */ = {
			isa = PBXVariantGroup;
			children = (
				E9134C8C28A6A62C001D25EC /* Base */,
			);
			name = LaunchScreen.storyboard;
			sourceTree = "<group>";
		};
/* End PBXVariantGroup section */

/* Begin XCBuildConfiguration section */
		E9134C8E28A6A62C001D25EC /* Debug */ = {
			isa = XCBuildConfiguration;
			buildSettings = {
				ALWAYS_SEARCH_USER_PATHS = NO;
				CLANG_ANALYZER_NONNULL = YES;
				CLANG_ANALYZER_NUMBER_OBJECT_CONVERSION = YES_AGGRESSIVE;
				CLANG_CXX_LANGUAGE_STANDARD = "gnu++17";
				CLANG_ENABLE_MODULES = YES;
				CLANG_ENABLE_OBJC_ARC = YES;
				CLANG_ENABLE_OBJC_WEAK = YES;
				CLANG_WARN_BLOCK_CAPTURE_AUTORELEASING = YES;
				CLANG_WARN_BOOL_CONVERSION = YES;
				CLANG_WARN_COMMA = YES;
				CLANG_WARN_CONSTANT_CONVERSION = YES;
				CLANG_WARN_DEPRECATED_OBJC_IMPLEMENTATIONS = YES;
				CLANG_WARN_DIRECT_OBJC_ISA_USAGE = YES_ERROR;
				CLANG_WARN_DOCUMENTATION_COMMENTS = YES;
				CLANG_WARN_EMPTY_BODY = YES;
				CLANG_WARN_ENUM_CONVERSION = YES;
				CLANG_WARN_INFINITE_RECURSION = YES;
				CLANG_WARN_INT_CONVERSION = YES;
				CLANG_WARN_NON_LITERAL_NULL_CONVERSION = YES;
				CLANG_WARN_OBJC_IMPLICIT_RETAIN_SELF = YES;
				CLANG_WARN_OBJC_LITERAL_CONVERSION = YES;
				CLANG_WARN_OBJC_ROOT_CLASS = YES_ERROR;
				CLANG_WARN_QUOTED_INCLUDE_IN_FRAMEWORK_HEADER = YES;
				CLANG_WARN_RANGE_LOOP_ANALYSIS = YES;
				CLANG_WARN_STRICT_PROTOTYPES = YES;
				CLANG_WARN_SUSPICIOUS_MOVE = YES;
				CLANG_WARN_UNGUARDED_AVAILABILITY = YES_AGGRESSIVE;
				CLANG_WARN_UNREACHABLE_CODE = YES;
				CLANG_WARN__DUPLICATE_METHOD_MATCH = YES;
				COPY_PHASE_STRIP = NO;
				DEBUG_INFORMATION_FORMAT = dwarf;
				ENABLE_STRICT_OBJC_MSGSEND = YES;
				ENABLE_TESTABILITY = YES;
				GCC_C_LANGUAGE_STANDARD = gnu11;
				GCC_DYNAMIC_NO_PIC = NO;
				GCC_NO_COMMON_BLOCKS = YES;
				GCC_OPTIMIZATION_LEVEL = 0;
				GCC_PREPROCESSOR_DEFINITIONS = (
					"DEBUG=1",
					"$(inherited)",
				);
				GCC_WARN_64_TO_32_BIT_CONVERSION = YES;
				GCC_WARN_ABOUT_RETURN_TYPE = YES_ERROR;
				GCC_WARN_UNDECLARED_SELECTOR = YES;
				GCC_WARN_UNINITIALIZED_AUTOS = YES_AGGRESSIVE;
				GCC_WARN_UNUSED_FUNCTION = YES;
				GCC_WARN_UNUSED_VARIABLE = YES;
				MTL_ENABLE_DEBUG_INFO = INCLUDE_SOURCE;
				MTL_FAST_MATH = YES;
				ONLY_ACTIVE_ARCH = YES;
				SDKROOT = appletvos;
				SWIFT_ACTIVE_COMPILATION_CONDITIONS = DEBUG;
				SWIFT_OPTIMIZATION_LEVEL = "-Onone";
				TVOS_DEPLOYMENT_TARGET = 15.4;
			};
			name = Debug;
		};
		E9134C8F28A6A62C001D25EC /* Release */ = {
			isa = XCBuildConfiguration;
			buildSettings = {
				ALWAYS_SEARCH_USER_PATHS = NO;
				CLANG_ANALYZER_NONNULL = YES;
				CLANG_ANALYZER_NUMBER_OBJECT_CONVERSION = YES_AGGRESSIVE;
				CLANG_CXX_LANGUAGE_STANDARD = "gnu++17";
				CLANG_ENABLE_MODULES = YES;
				CLANG_ENABLE_OBJC_ARC = YES;
				CLANG_ENABLE_OBJC_WEAK = YES;
				CLANG_WARN_BLOCK_CAPTURE_AUTORELEASING = YES;
				CLANG_WARN_BOOL_CONVERSION = YES;
				CLANG_WARN_COMMA = YES;
				CLANG_WARN_CONSTANT_CONVERSION = YES;
				CLANG_WARN_DEPRECATED_OBJC_IMPLEMENTATIONS = YES;
				CLANG_WARN_DIRECT_OBJC_ISA_USAGE = YES_ERROR;
				CLANG_WARN_DOCUMENTATION_COMMENTS = YES;
				CLANG_WARN_EMPTY_BODY = YES;
				CLANG_WARN_ENUM_CONVERSION = YES;
				CLANG_WARN_INFINITE_RECURSION = YES;
				CLANG_WARN_INT_CONVERSION = YES;
				CLANG_WARN_NON_LITERAL_NULL_CONVERSION = YES;
				CLANG_WARN_OBJC_IMPLICIT_RETAIN_SELF = YES;
				CLANG_WARN_OBJC_LITERAL_CONVERSION = YES;
				CLANG_WARN_OBJC_ROOT_CLASS = YES_ERROR;
				CLANG_WARN_QUOTED_INCLUDE_IN_FRAMEWORK_HEADER = YES;
				CLANG_WARN_RANGE_LOOP_ANALYSIS = YES;
				CLANG_WARN_STRICT_PROTOTYPES = YES;
				CLANG_WARN_SUSPICIOUS_MOVE = YES;
				CLANG_WARN_UNGUARDED_AVAILABILITY = YES_AGGRESSIVE;
				CLANG_WARN_UNREACHABLE_CODE = YES;
				CLANG_WARN__DUPLICATE_METHOD_MATCH = YES;
				COPY_PHASE_STRIP = NO;
				DEBUG_INFORMATION_FORMAT = "dwarf-with-dsym";
				ENABLE_NS_ASSERTIONS = NO;
				ENABLE_STRICT_OBJC_MSGSEND = YES;
				GCC_C_LANGUAGE_STANDARD = gnu11;
				GCC_NO_COMMON_BLOCKS = YES;
				GCC_WARN_64_TO_32_BIT_CONVERSION = YES;
				GCC_WARN_ABOUT_RETURN_TYPE = YES_ERROR;
				GCC_WARN_UNDECLARED_SELECTOR = YES;
				GCC_WARN_UNINITIALIZED_AUTOS = YES_AGGRESSIVE;
				GCC_WARN_UNUSED_FUNCTION = YES;
				GCC_WARN_UNUSED_VARIABLE = YES;
				MTL_ENABLE_DEBUG_INFO = NO;
				MTL_FAST_MATH = YES;
				SDKROOT = appletvos;
				SWIFT_COMPILATION_MODE = wholemodule;
				SWIFT_OPTIMIZATION_LEVEL = "-O";
				TVOS_DEPLOYMENT_TARGET = 15.4;
				VALIDATE_PRODUCT = YES;
			};
			name = Release;
		};
		E9134C9128A6A62C001D25EC /* Debug */ = {
			isa = XCBuildConfiguration;
			baseConfigurationReference = 8A6025DBE0121808A8DE9E74 /* Pods-anime365-tvOS.debug.xcconfig */;
			buildSettings = {
				ASSETCATALOG_COMPILER_APPICON_NAME = "App Icon & Top Shelf Image";
				ASSETCATALOG_COMPILER_GLOBAL_ACCENT_COLOR_NAME = AccentColor;
				CODE_SIGN_STYLE = Automatic;
				CURRENT_PROJECT_VERSION = 1;
				DEVELOPMENT_TEAM = T485BBUDS7;
				GENERATE_INFOPLIST_FILE = YES;
				INFOPLIST_KEY_UILaunchStoryboardName = LaunchScreen;
				INFOPLIST_KEY_UIMainStoryboardFile = Main;
				INFOPLIST_KEY_UIUserInterfaceStyle = Automatic;
				LD_RUNPATH_SEARCH_PATHS = (
					"$(inherited)",
					"@executable_path/Frameworks",
				);
				MARKETING_VERSION = 0.9;
				PRODUCT_BUNDLE_IDENTIFIER = "wizaxxx.anime365-tvOS";
				PRODUCT_NAME = "$(TARGET_NAME)";
				SWIFT_EMIT_LOC_STRINGS = YES;
				SWIFT_VERSION = 5.0;
				TARGETED_DEVICE_FAMILY = 3;
			};
			name = Debug;
		};
		E9134C9228A6A62C001D25EC /* Release */ = {
			isa = XCBuildConfiguration;
			baseConfigurationReference = 8956EF48CD7B572188958574 /* Pods-anime365-tvOS.release.xcconfig */;
			buildSettings = {
				ASSETCATALOG_COMPILER_APPICON_NAME = "App Icon & Top Shelf Image";
				ASSETCATALOG_COMPILER_GLOBAL_ACCENT_COLOR_NAME = AccentColor;
				CODE_SIGN_STYLE = Automatic;
				CURRENT_PROJECT_VERSION = 1;
				DEVELOPMENT_TEAM = T485BBUDS7;
				GENERATE_INFOPLIST_FILE = YES;
				INFOPLIST_KEY_UILaunchStoryboardName = LaunchScreen;
				INFOPLIST_KEY_UIMainStoryboardFile = Main;
				INFOPLIST_KEY_UIUserInterfaceStyle = Automatic;
				LD_RUNPATH_SEARCH_PATHS = (
					"$(inherited)",
					"@executable_path/Frameworks",
				);
				MARKETING_VERSION = 0.9;
				PRODUCT_BUNDLE_IDENTIFIER = "wizaxxx.anime365-tvOS";
				PRODUCT_NAME = "$(TARGET_NAME)";
				SWIFT_EMIT_LOC_STRINGS = YES;
				SWIFT_VERSION = 5.0;
				TARGETED_DEVICE_FAMILY = 3;
			};
			name = Release;
		};
/* End XCBuildConfiguration section */

/* Begin XCConfigurationList section */
		E9134C7A28A6A62B001D25EC /* Build configuration list for PBXProject "anime365-tvOS" */ = {
			isa = XCConfigurationList;
			buildConfigurations = (
				E9134C8E28A6A62C001D25EC /* Debug */,
				E9134C8F28A6A62C001D25EC /* Release */,
			);
			defaultConfigurationIsVisible = 0;
			defaultConfigurationName = Release;
		};
		E9134C9028A6A62C001D25EC /* Build configuration list for PBXNativeTarget "anime365-tvOS" */ = {
			isa = XCConfigurationList;
			buildConfigurations = (
				E9134C9128A6A62C001D25EC /* Debug */,
				E9134C9228A6A62C001D25EC /* Release */,
			);
			defaultConfigurationIsVisible = 0;
			defaultConfigurationName = Release;
		};
/* End XCConfigurationList section */
	};
	rootObject = E9134C7728A6A62B001D25EC /* Project object */;
}
