// !$*UTF8*$!
{
	archiveVersion = 1;
	classes = {
	};
	objectVersion = 55;
	objects = {

/* Begin PBXBuildFile section */
		1E5EB1BF529939E0022E4C19 /* Pods_TopShelf.framework in Frameworks */ = {isa = PBXBuildFile; fileRef = A84188013BC0DB4D8113E565 /* Pods_TopShelf.framework */; };
		BD1F91D5717B71D2226B79F1 /* Pods_anime365_tvOS.framework in Frameworks */ = {isa = PBXBuildFile; fileRef = 66ABA2E1145093E04EE69BFD /* Pods_anime365_tvOS.framework */; };
		E9060C2528BCD9330069FC7A /* LoadedUIViewController.swift in Sources */ = {isa = PBXBuildFile; fileRef = E9060C2428BCD9330069FC7A /* LoadedUIViewController.swift */; };
		E90CA37228BBC54400A64A49 /* NewEpisodesViewController.swift in Sources */ = {isa = PBXBuildFile; fileRef = E90CA37128BBC54400A64A49 /* NewEpisodesViewController.swift */; };
		E90CA37528BBC75E00A64A49 /* NewEpisodesCollectionReusableView.swift in Sources */ = {isa = PBXBuildFile; fileRef = E90CA37328BBC75E00A64A49 /* NewEpisodesCollectionReusableView.swift */; };
		E90CA37628BBC75E00A64A49 /* NewEpisodesCollectionReusableView.xib in Resources */ = {isa = PBXBuildFile; fileRef = E90CA37428BBC75E00A64A49 /* NewEpisodesCollectionReusableView.xib */; };
		E90CBB3228AFFCE600FB1692 /* Genre.swift in Sources */ = {isa = PBXBuildFile; fileRef = E90CBB3128AFFCE600FB1692 /* Genre.swift */; };
		E9134C8328A6A62B001D25EC /* AppDelegate.swift in Sources */ = {isa = PBXBuildFile; fileRef = E9134C8228A6A62B001D25EC /* AppDelegate.swift */; };
		E9134C8528A6A62B001D25EC /* LoginViewController.swift in Sources */ = {isa = PBXBuildFile; fileRef = E9134C8428A6A62B001D25EC /* LoginViewController.swift */; };
		E9134C8828A6A62B001D25EC /* Main.storyboard in Resources */ = {isa = PBXBuildFile; fileRef = E9134C8628A6A62B001D25EC /* Main.storyboard */; };
		E9134C8A28A6A62C001D25EC /* Assets.xcassets in Resources */ = {isa = PBXBuildFile; fileRef = E9134C8928A6A62C001D25EC /* Assets.xcassets */; };
		E9134C8D28A6A62C001D25EC /* LaunchScreen.storyboard in Resources */ = {isa = PBXBuildFile; fileRef = E9134C8B28A6A62C001D25EC /* LaunchScreen.storyboard */; };
		E919189528B3D37F00FEA503 /* SettingsViewController.swift in Sources */ = {isa = PBXBuildFile; fileRef = E919189428B3D37F00FEA503 /* SettingsViewController.swift */; };
		E919189728B3D4DA00FEA503 /* Subscription.storyboard in Resources */ = {isa = PBXBuildFile; fileRef = E919189628B3D4DA00FEA503 /* Subscription.storyboard */; };
		E919189928B3D83400FEA503 /* SubscriptionViewController.swift in Sources */ = {isa = PBXBuildFile; fileRef = E919189828B3D83400FEA503 /* SubscriptionViewController.swift */; };
		E92F81C028B40408007B610D /* SessionSettings.swift in Sources */ = {isa = PBXBuildFile; fileRef = E92F81BF28B40408007B610D /* SessionSettings.swift */; };
		E92F81C128B404EA007B610D /* SessionSettings.swift in Sources */ = {isa = PBXBuildFile; fileRef = E92F81BF28B40408007B610D /* SessionSettings.swift */; };
		E93D0BFD28B27FAE00DAC11B /* TVServices.framework in Frameworks */ = {isa = PBXBuildFile; fileRef = E93D0BFC28B27FAE00DAC11B /* TVServices.framework */; };
		E93D0C0028B27FAE00DAC11B /* ContentProvider.swift in Sources */ = {isa = PBXBuildFile; fileRef = E93D0BFF28B27FAE00DAC11B /* ContentProvider.swift */; };
		E93D0C0428B27FAE00DAC11B /* TopShelf.appex in Embed App Extensions */ = {isa = PBXBuildFile; fileRef = E93D0BFB28B27FAE00DAC11B /* TopShelf.appex */; settings = {ATTRIBUTES = (RemoveHeadersOnCopy, ); }; };
		E93D0C0B28B2831100DAC11B /* Session.swift in Sources */ = {isa = PBXBuildFile; fileRef = E968976728A6B57900C62ACA /* Session.swift */; };
		E93D0C0C28B283EE00DAC11B /* Networker.swift in Sources */ = {isa = PBXBuildFile; fileRef = E968976928A6C0E500C62ACA /* Networker.swift */; };
		E93D0C0D28B2855800DAC11B /* SessionData.swift in Sources */ = {isa = PBXBuildFile; fileRef = E968977128A6E74400C62ACA /* SessionData.swift */; };
		E93D0C0E28B2855B00DAC11B /* ImageFromInternet.swift in Sources */ = {isa = PBXBuildFile; fileRef = E98A4E6528A90549000295CD /* ImageFromInternet.swift */; };
		E93D0C0F28B2855F00DAC11B /* Anime.swift in Sources */ = {isa = PBXBuildFile; fileRef = E98A4E7E28A92501000295CD /* Anime.swift */; };
		E93D0C1028B2856400DAC11B /* Translation.swift in Sources */ = {isa = PBXBuildFile; fileRef = E98A4E9028A95F19000295CD /* Translation.swift */; };
		E93D0C1128B2856400DAC11B /* Episode.swift in Sources */ = {isa = PBXBuildFile; fileRef = E98A4E8428A94E30000295CD /* Episode.swift */; };
		E93D0C1228B2856400DAC11B /* AnimeDescription.swift in Sources */ = {isa = PBXBuildFile; fileRef = E9C92E6128B01EF400AB2DD4 /* AnimeDescription.swift */; };
		E93D0C1328B2856400DAC11B /* EpisodeWithTranslations.swift in Sources */ = {isa = PBXBuildFile; fileRef = E98A4E8A28A95A40000295CD /* EpisodeWithTranslations.swift */; };
		E93D0C1428B2856900DAC11B /* SiteDownloadTranslationData.swift in Sources */ = {isa = PBXBuildFile; fileRef = E98A4EA228A97FAB000295CD /* SiteDownloadTranslationData.swift */; };
		E93D0C1528B2856900DAC11B /* SiteEpisode.swift in Sources */ = {isa = PBXBuildFile; fileRef = E98A4E6328A903F1000295CD /* SiteEpisode.swift */; };
		E93D0C1628B2856900DAC11B /* SiteEpisodeWithTranslations.swift in Sources */ = {isa = PBXBuildFile; fileRef = E98A4E8C28A95C73000295CD /* SiteEpisodeWithTranslations.swift */; };
		E93D0C1728B2856900DAC11B /* SiteAnimeDescription.swift in Sources */ = {isa = PBXBuildFile; fileRef = E9C92E5F28B01EB300AB2DD4 /* SiteAnimeDescription.swift */; };
		E93D0C1828B2856900DAC11B /* SiteGenre.swift in Sources */ = {isa = PBXBuildFile; fileRef = E98A4E6728A905D5000295CD /* SiteGenre.swift */; };
		E93D0C1928B2856900DAC11B /* SiteAnime.swift in Sources */ = {isa = PBXBuildFile; fileRef = E98A4E6028A9029D000295CD /* SiteAnime.swift */; };
		E93D0C1A28B2856900DAC11B /* SiteTranslation.swift in Sources */ = {isa = PBXBuildFile; fileRef = E98A4E8E28A95E7A000295CD /* SiteTranslation.swift */; };
		E93D0C1B28B2856900DAC11B /* SiteResult.swift in Sources */ = {isa = PBXBuildFile; fileRef = E98A4E6928A911DF000295CD /* SiteResult.swift */; };
		E93D0C1C28B2856900DAC11B /* SiteStreamTranslationData.swift in Sources */ = {isa = PBXBuildFile; fileRef = E98A4EA428A9800C000295CD /* SiteStreamTranslationData.swift */; };
		E93D0C1D28B2856900DAC11B /* SiteTranslationData.swift in Sources */ = {isa = PBXBuildFile; fileRef = E98A4EA028A97EF5000295CD /* SiteTranslationData.swift */; };
		E93D0C1E28B2858000DAC11B /* UITextField+ShowError.swift in Sources */ = {isa = PBXBuildFile; fileRef = E968976D28A6E4B200C62ACA /* UITextField+ShowError.swift */; };
		E93D0C1F28B2858000DAC11B /* UICollectionView+UpdateFocus.swift in Sources */ = {isa = PBXBuildFile; fileRef = E9C035D628AD57E400B924B1 /* UICollectionView+UpdateFocus.swift */; };
		E93D0C2028B2858000DAC11B /* String+Groups.swift in Sources */ = {isa = PBXBuildFile; fileRef = E968976B28A6E45F00C62ACA /* String+Groups.swift */; };
		E93D0C2228B2859E00DAC11B /* Genre.swift in Sources */ = {isa = PBXBuildFile; fileRef = E90CBB3128AFFCE600FB1692 /* Genre.swift */; };
		E95DB93128AAB13800D3791B /* EpisodesToWatchViewController.swift in Sources */ = {isa = PBXBuildFile; fileRef = E95DB93028AAB13800D3791B /* EpisodesToWatchViewController.swift */; };
		E95DB93428AABEED00D3791B /* EpisodeToWatchCollectionViewCell.swift in Sources */ = {isa = PBXBuildFile; fileRef = E95DB93228AABEED00D3791B /* EpisodeToWatchCollectionViewCell.swift */; };
		E95DB93528AABEED00D3791B /* EpisodeToWatchCollectionViewCell.xib in Resources */ = {isa = PBXBuildFile; fileRef = E95DB93328AABEED00D3791B /* EpisodeToWatchCollectionViewCell.xib */; };
		E96646FF28AEA6850031E4EF /* MainCollectionViewCell.swift in Sources */ = {isa = PBXBuildFile; fileRef = E96646FE28AEA6850031E4EF /* MainCollectionViewCell.swift */; };
		E968976828A6B57900C62ACA /* Session.swift in Sources */ = {isa = PBXBuildFile; fileRef = E968976728A6B57900C62ACA /* Session.swift */; };
		E968976A28A6C0E500C62ACA /* Networker.swift in Sources */ = {isa = PBXBuildFile; fileRef = E968976928A6C0E500C62ACA /* Networker.swift */; };
		E968976C28A6E45F00C62ACA /* String+Groups.swift in Sources */ = {isa = PBXBuildFile; fileRef = E968976B28A6E45F00C62ACA /* String+Groups.swift */; };
		E968976E28A6E4B200C62ACA /* UITextField+ShowError.swift in Sources */ = {isa = PBXBuildFile; fileRef = E968976D28A6E4B200C62ACA /* UITextField+ShowError.swift */; };
		E968977228A6E74400C62ACA /* SessionData.swift in Sources */ = {isa = PBXBuildFile; fileRef = E968977128A6E74400C62ACA /* SessionData.swift */; };
		E97E8A5828BBDC2100DAC4B1 /* SiteNewEpisodesData.swift in Sources */ = {isa = PBXBuildFile; fileRef = E97E8A5728BBDC2100DAC4B1 /* SiteNewEpisodesData.swift */; };
		E97E8A5C28BBDC9400DAC4B1 /* SiteShortEpisodeData.swift in Sources */ = {isa = PBXBuildFile; fileRef = E97E8A5B28BBDC9400DAC4B1 /* SiteShortEpisodeData.swift */; };
		E97E8A5D28BBDCD500DAC4B1 /* SiteNewEpisodesData.swift in Sources */ = {isa = PBXBuildFile; fileRef = E97E8A5728BBDC2100DAC4B1 /* SiteNewEpisodesData.swift */; };
		E97E8A5E28BBDCD800DAC4B1 /* SiteShortEpisodeData.swift in Sources */ = {isa = PBXBuildFile; fileRef = E97E8A5B28BBDC9400DAC4B1 /* SiteShortEpisodeData.swift */; };
		E97E8A6028BBE42F00DAC4B1 /* NewEpisodesData.swift in Sources */ = {isa = PBXBuildFile; fileRef = E97E8A5F28BBE42F00DAC4B1 /* NewEpisodesData.swift */; };
		E97E8A6228BBE45D00DAC4B1 /* ShortEpisodeData.swift in Sources */ = {isa = PBXBuildFile; fileRef = E97E8A6128BBE45D00DAC4B1 /* ShortEpisodeData.swift */; };
		E97E8A6328BBE4EB00DAC4B1 /* NewEpisodesData.swift in Sources */ = {isa = PBXBuildFile; fileRef = E97E8A5F28BBE42F00DAC4B1 /* NewEpisodesData.swift */; };
		E97E8A6428BBE4EF00DAC4B1 /* ShortEpisodeData.swift in Sources */ = {isa = PBXBuildFile; fileRef = E97E8A6128BBE45D00DAC4B1 /* ShortEpisodeData.swift */; };
		E98A4E6128A9029D000295CD /* SiteAnime.swift in Sources */ = {isa = PBXBuildFile; fileRef = E98A4E6028A9029D000295CD /* SiteAnime.swift */; };
		E98A4E6428A903F1000295CD /* SiteEpisode.swift in Sources */ = {isa = PBXBuildFile; fileRef = E98A4E6328A903F1000295CD /* SiteEpisode.swift */; };
		E98A4E6628A90549000295CD /* ImageFromInternet.swift in Sources */ = {isa = PBXBuildFile; fileRef = E98A4E6528A90549000295CD /* ImageFromInternet.swift */; };
		E98A4E6828A905D5000295CD /* SiteGenre.swift in Sources */ = {isa = PBXBuildFile; fileRef = E98A4E6728A905D5000295CD /* SiteGenre.swift */; };
		E98A4E6A28A911DF000295CD /* SiteResult.swift in Sources */ = {isa = PBXBuildFile; fileRef = E98A4E6928A911DF000295CD /* SiteResult.swift */; };
		E98A4E7B28A92320000295CD /* AnimeCollectionViewCell.swift in Sources */ = {isa = PBXBuildFile; fileRef = E98A4E7928A92320000295CD /* AnimeCollectionViewCell.swift */; };
		E98A4E7C28A92320000295CD /* AnimeCollectionViewCell.xib in Resources */ = {isa = PBXBuildFile; fileRef = E98A4E7A28A92320000295CD /* AnimeCollectionViewCell.xib */; };
		E98A4E7F28A92501000295CD /* Anime.swift in Sources */ = {isa = PBXBuildFile; fileRef = E98A4E7E28A92501000295CD /* Anime.swift */; };
		E98A4E8128A93CAF000295CD /* AnimeViewController.swift in Sources */ = {isa = PBXBuildFile; fileRef = E98A4E8028A93CAF000295CD /* AnimeViewController.swift */; };
		E98A4E8528A94E30000295CD /* Episode.swift in Sources */ = {isa = PBXBuildFile; fileRef = E98A4E8428A94E30000295CD /* Episode.swift */; };
		E98A4E8828A9507E000295CD /* EpisodeCollectionViewCell.swift in Sources */ = {isa = PBXBuildFile; fileRef = E98A4E8628A9507E000295CD /* EpisodeCollectionViewCell.swift */; };
		E98A4E8928A9507E000295CD /* EpisodeCollectionViewCell.xib in Resources */ = {isa = PBXBuildFile; fileRef = E98A4E8728A9507E000295CD /* EpisodeCollectionViewCell.xib */; };
		E98A4E8B28A95A40000295CD /* EpisodeWithTranslations.swift in Sources */ = {isa = PBXBuildFile; fileRef = E98A4E8A28A95A40000295CD /* EpisodeWithTranslations.swift */; };
		E98A4E8D28A95C73000295CD /* SiteEpisodeWithTranslations.swift in Sources */ = {isa = PBXBuildFile; fileRef = E98A4E8C28A95C73000295CD /* SiteEpisodeWithTranslations.swift */; };
		E98A4E8F28A95E7A000295CD /* SiteTranslation.swift in Sources */ = {isa = PBXBuildFile; fileRef = E98A4E8E28A95E7A000295CD /* SiteTranslation.swift */; };
		E98A4E9128A95F19000295CD /* Translation.swift in Sources */ = {isa = PBXBuildFile; fileRef = E98A4E9028A95F19000295CD /* Translation.swift */; };
		E98A4E9328A9649C000295CD /* EpisodeViewController.swift in Sources */ = {isa = PBXBuildFile; fileRef = E98A4E9228A9649C000295CD /* EpisodeViewController.swift */; };
		E98A4E9A28A96EDA000295CD /* TypeOfTraslationCollectionViewCell.swift in Sources */ = {isa = PBXBuildFile; fileRef = E98A4E9828A96EDA000295CD /* TypeOfTraslationCollectionViewCell.swift */; };
		E98A4E9B28A96EDA000295CD /* TypeOfTraslationCollectionViewCell.xib in Resources */ = {isa = PBXBuildFile; fileRef = E98A4E9928A96EDA000295CD /* TypeOfTraslationCollectionViewCell.xib */; };
		E98A4E9E28A9734F000295CD /* TranslationCollectionViewCell.swift in Sources */ = {isa = PBXBuildFile; fileRef = E98A4E9C28A9734F000295CD /* TranslationCollectionViewCell.swift */; };
		E98A4E9F28A9734F000295CD /* TranslationCollectionViewCell.xib in Resources */ = {isa = PBXBuildFile; fileRef = E98A4E9D28A9734F000295CD /* TranslationCollectionViewCell.xib */; };
		E98A4EA128A97EF5000295CD /* SiteTranslationData.swift in Sources */ = {isa = PBXBuildFile; fileRef = E98A4EA028A97EF5000295CD /* SiteTranslationData.swift */; };
		E98A4EA328A97FAB000295CD /* SiteDownloadTranslationData.swift in Sources */ = {isa = PBXBuildFile; fileRef = E98A4EA228A97FAB000295CD /* SiteDownloadTranslationData.swift */; };
		E98A4EA528A9800C000295CD /* SiteStreamTranslationData.swift in Sources */ = {isa = PBXBuildFile; fileRef = E98A4EA428A9800C000295CD /* SiteStreamTranslationData.swift */; };
		E98A4EA728A98A2D000295CD /* PlayerViewController.swift in Sources */ = {isa = PBXBuildFile; fileRef = E98A4EA628A98A2D000295CD /* PlayerViewController.swift */; };
		E9A4B75A28A6F336001A58DD /* CatalogViewController.swift in Sources */ = {isa = PBXBuildFile; fileRef = E9A4B75928A6F336001A58DD /* CatalogViewController.swift */; };
		E9AF2A9C28B53FB900E8B45E /* SettingsLine.storyboard in Resources */ = {isa = PBXBuildFile; fileRef = E9AF2A9B28B53FB900E8B45E /* SettingsLine.storyboard */; };
		E9AF2A9E28B540AC00E8B45E /* SettingsLineViewController.swift in Sources */ = {isa = PBXBuildFile; fileRef = E9AF2A9D28B540AC00E8B45E /* SettingsLineViewController.swift */; };
		E9AF2AA128B5516900E8B45E /* FocusableUIView.swift in Sources */ = {isa = PBXBuildFile; fileRef = E9AF2AA028B5516900E8B45E /* FocusableUIView.swift */; };
		E9C035D528AD526200B924B1 /* CatalogViewControllerDelegate.swift in Sources */ = {isa = PBXBuildFile; fileRef = E9C035D428AD526200B924B1 /* CatalogViewControllerDelegate.swift */; };
		E9C035D728AD57E400B924B1 /* UICollectionView+UpdateFocus.swift in Sources */ = {isa = PBXBuildFile; fileRef = E9C035D628AD57E400B924B1 /* UICollectionView+UpdateFocus.swift */; };
		E9C92E6028B01EB300AB2DD4 /* SiteAnimeDescription.swift in Sources */ = {isa = PBXBuildFile; fileRef = E9C92E5F28B01EB300AB2DD4 /* SiteAnimeDescription.swift */; };
		E9C92E6228B01EF400AB2DD4 /* AnimeDescription.swift in Sources */ = {isa = PBXBuildFile; fileRef = E9C92E6128B01EF400AB2DD4 /* AnimeDescription.swift */; };
		E9F1453E28AB872A00C3A5B2 /* TabBarViewController.swift in Sources */ = {isa = PBXBuildFile; fileRef = E9F1453D28AB872A00C3A5B2 /* TabBarViewController.swift */; };
		E9F1454028ABAE8200C3A5B2 /* SearchViewController.swift in Sources */ = {isa = PBXBuildFile; fileRef = E9F1453F28ABAE8200C3A5B2 /* SearchViewController.swift */; };
		E9F1454428ABCDE100C3A5B2 /* AllControlles.swift in Sources */ = {isa = PBXBuildFile; fileRef = E9F1454328ABCDE100C3A5B2 /* AllControlles.swift */; };
		E9F77A4428BE4BD5004604F2 /* UILabelViewWithTextLoopAnimation.swift in Sources */ = {isa = PBXBuildFile; fileRef = E9F77A4328BE4BD5004604F2 /* UILabelViewWithTextLoopAnimation.swift */; };
		E9F77A4528BE4C89004604F2 /* UILabelViewWithTextLoopAnimation.swift in Sources */ = {isa = PBXBuildFile; fileRef = E9F77A4328BE4BD5004604F2 /* UILabelViewWithTextLoopAnimation.swift */; };
		E9F77A4728BE5E3A004604F2 /* RatingAnimeViewController.swift in Sources */ = {isa = PBXBuildFile; fileRef = E9F77A4628BE5E3A004604F2 /* RatingAnimeViewController.swift */; };
/* End PBXBuildFile section */

/* Begin PBXContainerItemProxy section */
		E93D0C0228B27FAE00DAC11B /* PBXContainerItemProxy */ = {
			isa = PBXContainerItemProxy;
			containerPortal = E9134C7728A6A62B001D25EC /* Project object */;
			proxyType = 1;
			remoteGlobalIDString = E93D0BFA28B27FAE00DAC11B;
			remoteInfo = TopShelf;
		};
/* End PBXContainerItemProxy section */

/* Begin PBXCopyFilesBuildPhase section */
		E93D0C0528B27FAE00DAC11B /* Embed App Extensions */ = {
			isa = PBXCopyFilesBuildPhase;
			buildActionMask = 2147483647;
			dstPath = "";
			dstSubfolderSpec = 13;
			files = (
				E93D0C0428B27FAE00DAC11B /* TopShelf.appex in Embed App Extensions */,
			);
			name = "Embed App Extensions";
			runOnlyForDeploymentPostprocessing = 0;
		};
/* End PBXCopyFilesBuildPhase section */

/* Begin PBXFileReference section */
		4A9716A40973B0EE80D5B0A9 /* Pods-TopShelf.debug.xcconfig */ = {isa = PBXFileReference; includeInIndex = 1; lastKnownFileType = text.xcconfig; name = "Pods-TopShelf.debug.xcconfig"; path = "Target Support Files/Pods-TopShelf/Pods-TopShelf.debug.xcconfig"; sourceTree = "<group>"; };
		66ABA2E1145093E04EE69BFD /* Pods_anime365_tvOS.framework */ = {isa = PBXFileReference; explicitFileType = wrapper.framework; includeInIndex = 0; path = Pods_anime365_tvOS.framework; sourceTree = BUILT_PRODUCTS_DIR; };
		8956EF48CD7B572188958574 /* Pods-anime365-tvOS.release.xcconfig */ = {isa = PBXFileReference; includeInIndex = 1; lastKnownFileType = text.xcconfig; name = "Pods-anime365-tvOS.release.xcconfig"; path = "Target Support Files/Pods-anime365-tvOS/Pods-anime365-tvOS.release.xcconfig"; sourceTree = "<group>"; };
		8A6025DBE0121808A8DE9E74 /* Pods-anime365-tvOS.debug.xcconfig */ = {isa = PBXFileReference; includeInIndex = 1; lastKnownFileType = text.xcconfig; name = "Pods-anime365-tvOS.debug.xcconfig"; path = "Target Support Files/Pods-anime365-tvOS/Pods-anime365-tvOS.debug.xcconfig"; sourceTree = "<group>"; };
		A84188013BC0DB4D8113E565 /* Pods_TopShelf.framework */ = {isa = PBXFileReference; explicitFileType = wrapper.framework; includeInIndex = 0; path = Pods_TopShelf.framework; sourceTree = BUILT_PRODUCTS_DIR; };
		E5E25695AD81E98D7568417A /* Pods-TopShelf.release.xcconfig */ = {isa = PBXFileReference; includeInIndex = 1; lastKnownFileType = text.xcconfig; name = "Pods-TopShelf.release.xcconfig"; path = "Target Support Files/Pods-TopShelf/Pods-TopShelf.release.xcconfig"; sourceTree = "<group>"; };
		E9060C2428BCD9330069FC7A /* LoadedUIViewController.swift */ = {isa = PBXFileReference; lastKnownFileType = sourcecode.swift; path = LoadedUIViewController.swift; sourceTree = "<group>"; };
		E90CA37128BBC54400A64A49 /* NewEpisodesViewController.swift */ = {isa = PBXFileReference; lastKnownFileType = sourcecode.swift; path = NewEpisodesViewController.swift; sourceTree = "<group>"; };
		E90CA37328BBC75E00A64A49 /* NewEpisodesCollectionReusableView.swift */ = {isa = PBXFileReference; lastKnownFileType = sourcecode.swift; path = NewEpisodesCollectionReusableView.swift; sourceTree = "<group>"; };
		E90CA37428BBC75E00A64A49 /* NewEpisodesCollectionReusableView.xib */ = {isa = PBXFileReference; lastKnownFileType = file.xib; path = NewEpisodesCollectionReusableView.xib; sourceTree = "<group>"; };
		E90CBB3128AFFCE600FB1692 /* Genre.swift */ = {isa = PBXFileReference; lastKnownFileType = sourcecode.swift; path = Genre.swift; sourceTree = "<group>"; };
		E9134C7F28A6A62B001D25EC /* anime365-tvOS.app */ = {isa = PBXFileReference; explicitFileType = wrapper.application; includeInIndex = 0; path = "anime365-tvOS.app"; sourceTree = BUILT_PRODUCTS_DIR; };
		E9134C8228A6A62B001D25EC /* AppDelegate.swift */ = {isa = PBXFileReference; lastKnownFileType = sourcecode.swift; path = AppDelegate.swift; sourceTree = "<group>"; };
		E9134C8428A6A62B001D25EC /* LoginViewController.swift */ = {isa = PBXFileReference; lastKnownFileType = sourcecode.swift; path = LoginViewController.swift; sourceTree = "<group>"; };
		E9134C8728A6A62B001D25EC /* Base */ = {isa = PBXFileReference; lastKnownFileType = file.storyboard; name = Base; path = Base.lproj/Main.storyboard; sourceTree = "<group>"; };
		E9134C8928A6A62C001D25EC /* Assets.xcassets */ = {isa = PBXFileReference; lastKnownFileType = folder.assetcatalog; path = Assets.xcassets; sourceTree = "<group>"; };
		E9134C8C28A6A62C001D25EC /* Base */ = {isa = PBXFileReference; lastKnownFileType = file.storyboard; name = Base; path = Base.lproj/LaunchScreen.storyboard; sourceTree = "<group>"; };
		E919189428B3D37F00FEA503 /* SettingsViewController.swift */ = {isa = PBXFileReference; lastKnownFileType = sourcecode.swift; path = SettingsViewController.swift; sourceTree = "<group>"; };
		E919189628B3D4DA00FEA503 /* Subscription.storyboard */ = {isa = PBXFileReference; lastKnownFileType = file.storyboard; path = Subscription.storyboard; sourceTree = "<group>"; };
		E919189828B3D83400FEA503 /* SubscriptionViewController.swift */ = {isa = PBXFileReference; lastKnownFileType = sourcecode.swift; path = SubscriptionViewController.swift; sourceTree = "<group>"; };
		E92F81BF28B40408007B610D /* SessionSettings.swift */ = {isa = PBXFileReference; lastKnownFileType = sourcecode.swift; path = SessionSettings.swift; sourceTree = "<group>"; };
		E93D0BFB28B27FAE00DAC11B /* TopShelf.appex */ = {isa = PBXFileReference; explicitFileType = "wrapper.app-extension"; includeInIndex = 0; path = TopShelf.appex; sourceTree = BUILT_PRODUCTS_DIR; };
		E93D0BFC28B27FAE00DAC11B /* TVServices.framework */ = {isa = PBXFileReference; lastKnownFileType = wrapper.framework; name = TVServices.framework; path = System/Library/Frameworks/TVServices.framework; sourceTree = SDKROOT; };
		E93D0BFF28B27FAE00DAC11B /* ContentProvider.swift */ = {isa = PBXFileReference; lastKnownFileType = sourcecode.swift; path = ContentProvider.swift; sourceTree = "<group>"; };
		E93D0C0128B27FAE00DAC11B /* Info.plist */ = {isa = PBXFileReference; lastKnownFileType = text.plist.xml; path = Info.plist; sourceTree = "<group>"; };
		E93D0C0928B27FBF00DAC11B /* anime365-tvOS.entitlements */ = {isa = PBXFileReference; lastKnownFileType = text.plist.entitlements; path = "anime365-tvOS.entitlements"; sourceTree = "<group>"; };
		E93D0C0A28B2807300DAC11B /* TopShelf.entitlements */ = {isa = PBXFileReference; lastKnownFileType = text.plist.entitlements; path = TopShelf.entitlements; sourceTree = "<group>"; };
		E95DB93028AAB13800D3791B /* EpisodesToWatchViewController.swift */ = {isa = PBXFileReference; lastKnownFileType = sourcecode.swift; path = EpisodesToWatchViewController.swift; sourceTree = "<group>"; };
		E95DB93228AABEED00D3791B /* EpisodeToWatchCollectionViewCell.swift */ = {isa = PBXFileReference; lastKnownFileType = sourcecode.swift; path = EpisodeToWatchCollectionViewCell.swift; sourceTree = "<group>"; };
		E95DB93328AABEED00D3791B /* EpisodeToWatchCollectionViewCell.xib */ = {isa = PBXFileReference; lastKnownFileType = file.xib; path = EpisodeToWatchCollectionViewCell.xib; sourceTree = "<group>"; };
		E96646FE28AEA6850031E4EF /* MainCollectionViewCell.swift */ = {isa = PBXFileReference; lastKnownFileType = sourcecode.swift; path = MainCollectionViewCell.swift; sourceTree = "<group>"; };
		E968829B28B299CC0042D45B /* Info.plist */ = {isa = PBXFileReference; lastKnownFileType = text.plist; path = Info.plist; sourceTree = "<group>"; };
		E968976728A6B57900C62ACA /* Session.swift */ = {isa = PBXFileReference; lastKnownFileType = sourcecode.swift; path = Session.swift; sourceTree = "<group>"; };
		E968976928A6C0E500C62ACA /* Networker.swift */ = {isa = PBXFileReference; lastKnownFileType = sourcecode.swift; path = Networker.swift; sourceTree = "<group>"; };
		E968976B28A6E45F00C62ACA /* String+Groups.swift */ = {isa = PBXFileReference; lastKnownFileType = sourcecode.swift; path = "String+Groups.swift"; sourceTree = "<group>"; };
		E968976D28A6E4B200C62ACA /* UITextField+ShowError.swift */ = {isa = PBXFileReference; lastKnownFileType = sourcecode.swift; path = "UITextField+ShowError.swift"; sourceTree = "<group>"; };
		E968977128A6E74400C62ACA /* SessionData.swift */ = {isa = PBXFileReference; lastKnownFileType = sourcecode.swift; path = SessionData.swift; sourceTree = "<group>"; };
		E97E8A5728BBDC2100DAC4B1 /* SiteNewEpisodesData.swift */ = {isa = PBXFileReference; lastKnownFileType = sourcecode.swift; path = SiteNewEpisodesData.swift; sourceTree = "<group>"; };
		E97E8A5B28BBDC9400DAC4B1 /* SiteShortEpisodeData.swift */ = {isa = PBXFileReference; lastKnownFileType = sourcecode.swift; path = SiteShortEpisodeData.swift; sourceTree = "<group>"; };
		E97E8A5F28BBE42F00DAC4B1 /* NewEpisodesData.swift */ = {isa = PBXFileReference; lastKnownFileType = sourcecode.swift; path = NewEpisodesData.swift; sourceTree = "<group>"; };
		E97E8A6128BBE45D00DAC4B1 /* ShortEpisodeData.swift */ = {isa = PBXFileReference; lastKnownFileType = sourcecode.swift; path = ShortEpisodeData.swift; sourceTree = "<group>"; };
		E98A4E6028A9029D000295CD /* SiteAnime.swift */ = {isa = PBXFileReference; lastKnownFileType = sourcecode.swift; path = SiteAnime.swift; sourceTree = "<group>"; };
		E98A4E6328A903F1000295CD /* SiteEpisode.swift */ = {isa = PBXFileReference; lastKnownFileType = sourcecode.swift; path = SiteEpisode.swift; sourceTree = "<group>"; };
		E98A4E6528A90549000295CD /* ImageFromInternet.swift */ = {isa = PBXFileReference; lastKnownFileType = sourcecode.swift; path = ImageFromInternet.swift; sourceTree = "<group>"; };
		E98A4E6728A905D5000295CD /* SiteGenre.swift */ = {isa = PBXFileReference; lastKnownFileType = sourcecode.swift; path = SiteGenre.swift; sourceTree = "<group>"; };
		E98A4E6928A911DF000295CD /* SiteResult.swift */ = {isa = PBXFileReference; lastKnownFileType = sourcecode.swift; path = SiteResult.swift; sourceTree = "<group>"; };
		E98A4E7928A92320000295CD /* AnimeCollectionViewCell.swift */ = {isa = PBXFileReference; lastKnownFileType = sourcecode.swift; path = AnimeCollectionViewCell.swift; sourceTree = "<group>"; };
		E98A4E7A28A92320000295CD /* AnimeCollectionViewCell.xib */ = {isa = PBXFileReference; lastKnownFileType = file.xib; path = AnimeCollectionViewCell.xib; sourceTree = "<group>"; };
		E98A4E7E28A92501000295CD /* Anime.swift */ = {isa = PBXFileReference; lastKnownFileType = sourcecode.swift; path = Anime.swift; sourceTree = "<group>"; };
		E98A4E8028A93CAF000295CD /* AnimeViewController.swift */ = {isa = PBXFileReference; lastKnownFileType = sourcecode.swift; path = AnimeViewController.swift; sourceTree = "<group>"; };
		E98A4E8428A94E30000295CD /* Episode.swift */ = {isa = PBXFileReference; lastKnownFileType = sourcecode.swift; path = Episode.swift; sourceTree = "<group>"; };
		E98A4E8628A9507E000295CD /* EpisodeCollectionViewCell.swift */ = {isa = PBXFileReference; lastKnownFileType = sourcecode.swift; path = EpisodeCollectionViewCell.swift; sourceTree = "<group>"; };
		E98A4E8728A9507E000295CD /* EpisodeCollectionViewCell.xib */ = {isa = PBXFileReference; lastKnownFileType = file.xib; path = EpisodeCollectionViewCell.xib; sourceTree = "<group>"; };
		E98A4E8A28A95A40000295CD /* EpisodeWithTranslations.swift */ = {isa = PBXFileReference; lastKnownFileType = sourcecode.swift; path = EpisodeWithTranslations.swift; sourceTree = "<group>"; };
		E98A4E8C28A95C73000295CD /* SiteEpisodeWithTranslations.swift */ = {isa = PBXFileReference; lastKnownFileType = sourcecode.swift; path = SiteEpisodeWithTranslations.swift; sourceTree = "<group>"; };
		E98A4E8E28A95E7A000295CD /* SiteTranslation.swift */ = {isa = PBXFileReference; lastKnownFileType = sourcecode.swift; path = SiteTranslation.swift; sourceTree = "<group>"; };
		E98A4E9028A95F19000295CD /* Translation.swift */ = {isa = PBXFileReference; lastKnownFileType = sourcecode.swift; path = Translation.swift; sourceTree = "<group>"; };
		E98A4E9228A9649C000295CD /* EpisodeViewController.swift */ = {isa = PBXFileReference; lastKnownFileType = sourcecode.swift; path = EpisodeViewController.swift; sourceTree = "<group>"; };
		E98A4E9828A96EDA000295CD /* TypeOfTraslationCollectionViewCell.swift */ = {isa = PBXFileReference; lastKnownFileType = sourcecode.swift; path = TypeOfTraslationCollectionViewCell.swift; sourceTree = "<group>"; };
		E98A4E9928A96EDA000295CD /* TypeOfTraslationCollectionViewCell.xib */ = {isa = PBXFileReference; lastKnownFileType = file.xib; path = TypeOfTraslationCollectionViewCell.xib; sourceTree = "<group>"; };
		E98A4E9C28A9734F000295CD /* TranslationCollectionViewCell.swift */ = {isa = PBXFileReference; lastKnownFileType = sourcecode.swift; path = TranslationCollectionViewCell.swift; sourceTree = "<group>"; };
		E98A4E9D28A9734F000295CD /* TranslationCollectionViewCell.xib */ = {isa = PBXFileReference; lastKnownFileType = file.xib; path = TranslationCollectionViewCell.xib; sourceTree = "<group>"; };
		E98A4EA028A97EF5000295CD /* SiteTranslationData.swift */ = {isa = PBXFileReference; lastKnownFileType = sourcecode.swift; path = SiteTranslationData.swift; sourceTree = "<group>"; };
		E98A4EA228A97FAB000295CD /* SiteDownloadTranslationData.swift */ = {isa = PBXFileReference; lastKnownFileType = sourcecode.swift; path = SiteDownloadTranslationData.swift; sourceTree = "<group>"; };
		E98A4EA428A9800C000295CD /* SiteStreamTranslationData.swift */ = {isa = PBXFileReference; lastKnownFileType = sourcecode.swift; path = SiteStreamTranslationData.swift; sourceTree = "<group>"; };
		E98A4EA628A98A2D000295CD /* PlayerViewController.swift */ = {isa = PBXFileReference; lastKnownFileType = sourcecode.swift; path = PlayerViewController.swift; sourceTree = "<group>"; };
		E9A4B75928A6F336001A58DD /* CatalogViewController.swift */ = {isa = PBXFileReference; lastKnownFileType = sourcecode.swift; path = CatalogViewController.swift; sourceTree = "<group>"; };
		E9AF2A9B28B53FB900E8B45E /* SettingsLine.storyboard */ = {isa = PBXFileReference; lastKnownFileType = file.storyboard; path = SettingsLine.storyboard; sourceTree = "<group>"; };
		E9AF2A9D28B540AC00E8B45E /* SettingsLineViewController.swift */ = {isa = PBXFileReference; lastKnownFileType = sourcecode.swift; path = SettingsLineViewController.swift; sourceTree = "<group>"; };
		E9AF2AA028B5516900E8B45E /* FocusableUIView.swift */ = {isa = PBXFileReference; lastKnownFileType = sourcecode.swift; path = FocusableUIView.swift; sourceTree = "<group>"; };
		E9C035D428AD526200B924B1 /* CatalogViewControllerDelegate.swift */ = {isa = PBXFileReference; lastKnownFileType = sourcecode.swift; path = CatalogViewControllerDelegate.swift; sourceTree = "<group>"; };
		E9C035D628AD57E400B924B1 /* UICollectionView+UpdateFocus.swift */ = {isa = PBXFileReference; lastKnownFileType = sourcecode.swift; path = "UICollectionView+UpdateFocus.swift"; sourceTree = "<group>"; };
		E9C92E5F28B01EB300AB2DD4 /* SiteAnimeDescription.swift */ = {isa = PBXFileReference; lastKnownFileType = sourcecode.swift; path = SiteAnimeDescription.swift; sourceTree = "<group>"; };
		E9C92E6128B01EF400AB2DD4 /* AnimeDescription.swift */ = {isa = PBXFileReference; lastKnownFileType = sourcecode.swift; path = AnimeDescription.swift; sourceTree = "<group>"; };
		E9F1453D28AB872A00C3A5B2 /* TabBarViewController.swift */ = {isa = PBXFileReference; lastKnownFileType = sourcecode.swift; path = TabBarViewController.swift; sourceTree = "<group>"; };
		E9F1453F28ABAE8200C3A5B2 /* SearchViewController.swift */ = {isa = PBXFileReference; lastKnownFileType = sourcecode.swift; path = SearchViewController.swift; sourceTree = "<group>"; };
		E9F1454328ABCDE100C3A5B2 /* AllControlles.swift */ = {isa = PBXFileReference; lastKnownFileType = sourcecode.swift; path = AllControlles.swift; sourceTree = "<group>"; };
		E9F77A4328BE4BD5004604F2 /* UILabelViewWithTextLoopAnimation.swift */ = {isa = PBXFileReference; lastKnownFileType = sourcecode.swift; path = UILabelViewWithTextLoopAnimation.swift; sourceTree = "<group>"; };
		E9F77A4628BE5E3A004604F2 /* RatingAnimeViewController.swift */ = {isa = PBXFileReference; lastKnownFileType = sourcecode.swift; path = RatingAnimeViewController.swift; sourceTree = "<group>"; };
/* End PBXFileReference section */

/* Begin PBXFrameworksBuildPhase section */
		E9134C7C28A6A62B001D25EC /* Frameworks */ = {
			isa = PBXFrameworksBuildPhase;
			buildActionMask = 2147483647;
			files = (
				BD1F91D5717B71D2226B79F1 /* Pods_anime365_tvOS.framework in Frameworks */,
			);
			runOnlyForDeploymentPostprocessing = 0;
		};
		E93D0BF828B27FAE00DAC11B /* Frameworks */ = {
			isa = PBXFrameworksBuildPhase;
			buildActionMask = 2147483647;
			files = (
				E93D0BFD28B27FAE00DAC11B /* TVServices.framework in Frameworks */,
				1E5EB1BF529939E0022E4C19 /* Pods_TopShelf.framework in Frameworks */,
			);
			runOnlyForDeploymentPostprocessing = 0;
		};
/* End PBXFrameworksBuildPhase section */

/* Begin PBXGroup section */
		837F0E0BCD25E2E9C0D54CDA /* Pods */ = {
			isa = PBXGroup;
			children = (
				8A6025DBE0121808A8DE9E74 /* Pods-anime365-tvOS.debug.xcconfig */,
				8956EF48CD7B572188958574 /* Pods-anime365-tvOS.release.xcconfig */,
				4A9716A40973B0EE80D5B0A9 /* Pods-TopShelf.debug.xcconfig */,
				E5E25695AD81E98D7568417A /* Pods-TopShelf.release.xcconfig */,
			);
			path = Pods;
			sourceTree = "<group>";
		};
		9A2BC9A9DC101DA1D590D699 /* Frameworks */ = {
			isa = PBXGroup;
			children = (
				66ABA2E1145093E04EE69BFD /* Pods_anime365_tvOS.framework */,
				E93D0BFC28B27FAE00DAC11B /* TVServices.framework */,
				A84188013BC0DB4D8113E565 /* Pods_TopShelf.framework */,
			);
			name = Frameworks;
			sourceTree = "<group>";
		};
		E9134C7628A6A62B001D25EC = {
			isa = PBXGroup;
			children = (
				E9134C8128A6A62B001D25EC /* anime365-tvOS */,
				E93D0BFE28B27FAE00DAC11B /* TopShelf */,
				E9134C8028A6A62B001D25EC /* Products */,
				837F0E0BCD25E2E9C0D54CDA /* Pods */,
				9A2BC9A9DC101DA1D590D699 /* Frameworks */,
			);
			sourceTree = "<group>";
		};
		E9134C8028A6A62B001D25EC /* Products */ = {
			isa = PBXGroup;
			children = (
				E9134C7F28A6A62B001D25EC /* anime365-tvOS.app */,
				E93D0BFB28B27FAE00DAC11B /* TopShelf.appex */,
			);
			name = Products;
			sourceTree = "<group>";
		};
		E9134C8128A6A62B001D25EC /* anime365-tvOS */ = {
			isa = PBXGroup;
			children = (
				E968829B28B299CC0042D45B /* Info.plist */,
				E93D0C0928B27FBF00DAC11B /* anime365-tvOS.entitlements */,
				E9134C9528A6A6B2001D25EC /* Controllers */,
				E9134C9428A6A69B001D25EC /* Views */,
				E9134C9328A6A68A001D25EC /* System */,
				E9134C8928A6A62C001D25EC /* Assets.xcassets */,
				E968977028A6E73600C62ACA /* Models */,
				E968976F28A6E4E000C62ACA /* Extensions */,
				E9C035D328AD524A00B924B1 /* Protocols */,
			);
			path = "anime365-tvOS";
			sourceTree = "<group>";
		};
		E9134C9328A6A68A001D25EC /* System */ = {
			isa = PBXGroup;
			children = (
				E9F1454328ABCDE100C3A5B2 /* AllControlles.swift */,
				E968976928A6C0E500C62ACA /* Networker.swift */,
				E968976728A6B57900C62ACA /* Session.swift */,
				E92F81BF28B40408007B610D /* SessionSettings.swift */,
				E9134C8228A6A62B001D25EC /* AppDelegate.swift */,
			);
			path = System;
			sourceTree = "<group>";
		};
		E9134C9428A6A69B001D25EC /* Views */ = {
			isa = PBXGroup;
			children = (
				E9134C8628A6A62B001D25EC /* Main.storyboard */,
				E9F77A4328BE4BD5004604F2 /* UILabelViewWithTextLoopAnimation.swift */,
				E9AF2A9B28B53FB900E8B45E /* SettingsLine.storyboard */,
				E9AF2AA028B5516900E8B45E /* FocusableUIView.swift */,
				E919189628B3D4DA00FEA503 /* Subscription.storyboard */,
				E9134C8B28A6A62C001D25EC /* LaunchScreen.storyboard */,
			);
			path = Views;
			sourceTree = "<group>";
		};
		E9134C9528A6A6B2001D25EC /* Controllers */ = {
			isa = PBXGroup;
			children = (
				E98A4E7428A92272000295CD /* Cells */,
				E9134C8428A6A62B001D25EC /* LoginViewController.swift */,
				E95DB93028AAB13800D3791B /* EpisodesToWatchViewController.swift */,
				E90CA37128BBC54400A64A49 /* NewEpisodesViewController.swift */,
				E9F77A4628BE5E3A004604F2 /* RatingAnimeViewController.swift */,
				E9A4B75928A6F336001A58DD /* CatalogViewController.swift */,
				E9F1453D28AB872A00C3A5B2 /* TabBarViewController.swift */,
				E98A4E8028A93CAF000295CD /* AnimeViewController.swift */,
				E919189828B3D83400FEA503 /* SubscriptionViewController.swift */,
				E9F1453F28ABAE8200C3A5B2 /* SearchViewController.swift */,
				E98A4E9228A9649C000295CD /* EpisodeViewController.swift */,
				E98A4EA628A98A2D000295CD /* PlayerViewController.swift */,
				E9AF2A9D28B540AC00E8B45E /* SettingsLineViewController.swift */,
				E919189428B3D37F00FEA503 /* SettingsViewController.swift */,
			);
			path = Controllers;
			sourceTree = "<group>";
		};
		E93D0BFE28B27FAE00DAC11B /* TopShelf */ = {
			isa = PBXGroup;
			children = (
				E93D0C0A28B2807300DAC11B /* TopShelf.entitlements */,
				E93D0BFF28B27FAE00DAC11B /* ContentProvider.swift */,
				E93D0C0128B27FAE00DAC11B /* Info.plist */,
			);
			path = TopShelf;
			sourceTree = "<group>";
		};
		E968976F28A6E4E000C62ACA /* Extensions */ = {
			isa = PBXGroup;
			children = (
				E968976B28A6E45F00C62ACA /* String+Groups.swift */,
				E968976D28A6E4B200C62ACA /* UITextField+ShowError.swift */,
				E9C035D628AD57E400B924B1 /* UICollectionView+UpdateFocus.swift */,
			);
			path = Extensions;
			sourceTree = "<group>";
		};
		E968977028A6E73600C62ACA /* Models */ = {
			isa = PBXGroup;
			children = (
				E968977128A6E74400C62ACA /* SessionData.swift */,
				E98A4E6528A90549000295CD /* ImageFromInternet.swift */,
				E98A4E7D28A924F6000295CD /* App */,
				E98A4E6228A903DA000295CD /* Sites */,
			);
			path = Models;
			sourceTree = "<group>";
		};
		E98A4E6228A903DA000295CD /* Sites */ = {
			isa = PBXGroup;
			children = (
				E97E8A5728BBDC2100DAC4B1 /* SiteNewEpisodesData.swift */,
				E97E8A5B28BBDC9400DAC4B1 /* SiteShortEpisodeData.swift */,
				E98A4E6028A9029D000295CD /* SiteAnime.swift */,
				E98A4E6928A911DF000295CD /* SiteResult.swift */,
				E98A4EA228A97FAB000295CD /* SiteDownloadTranslationData.swift */,
				E98A4EA428A9800C000295CD /* SiteStreamTranslationData.swift */,
				E98A4EA028A97EF5000295CD /* SiteTranslationData.swift */,
				E98A4E6328A903F1000295CD /* SiteEpisode.swift */,
				E9C92E5F28B01EB300AB2DD4 /* SiteAnimeDescription.swift */,
				E98A4E8C28A95C73000295CD /* SiteEpisodeWithTranslations.swift */,
				E98A4E8E28A95E7A000295CD /* SiteTranslation.swift */,
				E98A4E6728A905D5000295CD /* SiteGenre.swift */,
			);
			path = Sites;
			sourceTree = "<group>";
		};
		E98A4E7428A92272000295CD /* Cells */ = {
			isa = PBXGroup;
			children = (
				E98A4E7928A92320000295CD /* AnimeCollectionViewCell.swift */,
				E98A4E7A28A92320000295CD /* AnimeCollectionViewCell.xib */,
				E98A4E9C28A9734F000295CD /* TranslationCollectionViewCell.swift */,
				E98A4E9D28A9734F000295CD /* TranslationCollectionViewCell.xib */,
				E98A4E9828A96EDA000295CD /* TypeOfTraslationCollectionViewCell.swift */,
				E98A4E9928A96EDA000295CD /* TypeOfTraslationCollectionViewCell.xib */,
				E98A4E8628A9507E000295CD /* EpisodeCollectionViewCell.swift */,
				E98A4E8728A9507E000295CD /* EpisodeCollectionViewCell.xib */,
				E95DB93228AABEED00D3791B /* EpisodeToWatchCollectionViewCell.swift */,
				E95DB93328AABEED00D3791B /* EpisodeToWatchCollectionViewCell.xib */,
				E90CA37328BBC75E00A64A49 /* NewEpisodesCollectionReusableView.swift */,
				E90CA37428BBC75E00A64A49 /* NewEpisodesCollectionReusableView.xib */,
				E96646FE28AEA6850031E4EF /* MainCollectionViewCell.swift */,
			);
			path = Cells;
			sourceTree = "<group>";
		};
		E98A4E7D28A924F6000295CD /* App */ = {
			isa = PBXGroup;
			children = (
				E98A4E7E28A92501000295CD /* Anime.swift */,
				E97E8A5F28BBE42F00DAC4B1 /* NewEpisodesData.swift */,
				E97E8A6128BBE45D00DAC4B1 /* ShortEpisodeData.swift */,
				E98A4E8428A94E30000295CD /* Episode.swift */,
				E9C92E6128B01EF400AB2DD4 /* AnimeDescription.swift */,
				E98A4E8A28A95A40000295CD /* EpisodeWithTranslations.swift */,
				E98A4E9028A95F19000295CD /* Translation.swift */,
				E90CBB3128AFFCE600FB1692 /* Genre.swift */,
			);
			path = App;
			sourceTree = "<group>";
		};
		E9C035D328AD524A00B924B1 /* Protocols */ = {
			isa = PBXGroup;
			children = (
				E9C035D428AD526200B924B1 /* CatalogViewControllerDelegate.swift */,
				E9060C2428BCD9330069FC7A /* LoadedUIViewController.swift */,
			);
			path = Protocols;
			sourceTree = "<group>";
		};
/* End PBXGroup section */

/* Begin PBXNativeTarget section */
		E9134C7E28A6A62B001D25EC /* anime365-tvOS */ = {
			isa = PBXNativeTarget;
			buildConfigurationList = E9134C9028A6A62C001D25EC /* Build configuration list for PBXNativeTarget "anime365-tvOS" */;
			buildPhases = (
				0DBFCDB092E3253A58FEA4F2 /* [CP] Check Pods Manifest.lock */,
				E9134C7B28A6A62B001D25EC /* Sources */,
				E9134C7C28A6A62B001D25EC /* Frameworks */,
				E9134C7D28A6A62B001D25EC /* Resources */,
				AF8B0FCFE6BCB754C172FAD0 /* [CP] Embed Pods Frameworks */,
				E93D0C0528B27FAE00DAC11B /* Embed App Extensions */,
			);
			buildRules = (
			);
			dependencies = (
				E93D0C0328B27FAE00DAC11B /* PBXTargetDependency */,
			);
			name = "anime365-tvOS";
			productName = "anime365-tvOS";
			productReference = E9134C7F28A6A62B001D25EC /* anime365-tvOS.app */;
			productType = "com.apple.product-type.application";
		};
		E93D0BFA28B27FAE00DAC11B /* TopShelf */ = {
			isa = PBXNativeTarget;
			buildConfigurationList = E93D0C0828B27FAE00DAC11B /* Build configuration list for PBXNativeTarget "TopShelf" */;
			buildPhases = (
				303638B6C9BC00FF430DDDBC /* [CP] Check Pods Manifest.lock */,
				E93D0BF728B27FAE00DAC11B /* Sources */,
				E93D0BF828B27FAE00DAC11B /* Frameworks */,
				E93D0BF928B27FAE00DAC11B /* Resources */,
			);
			buildRules = (
			);
			dependencies = (
			);
			name = TopShelf;
			productName = TopShelf;
			productReference = E93D0BFB28B27FAE00DAC11B /* TopShelf.appex */;
			productType = "com.apple.product-type.app-extension";
		};
/* End PBXNativeTarget section */

/* Begin PBXProject section */
		E9134C7728A6A62B001D25EC /* Project object */ = {
			isa = PBXProject;
			attributes = {
				BuildIndependentTargetsInParallel = 1;
				LastSwiftUpdateCheck = 1340;
				LastUpgradeCheck = 1340;
				TargetAttributes = {
					E9134C7E28A6A62B001D25EC = {
						CreatedOnToolsVersion = 13.4.1;
					};
					E93D0BFA28B27FAE00DAC11B = {
						CreatedOnToolsVersion = 13.4.1;
					};
				};
			};
			buildConfigurationList = E9134C7A28A6A62B001D25EC /* Build configuration list for PBXProject "anime365-tvOS" */;
			compatibilityVersion = "Xcode 13.0";
			developmentRegion = en;
			hasScannedForEncodings = 0;
			knownRegions = (
				en,
				Base,
			);
			mainGroup = E9134C7628A6A62B001D25EC;
			productRefGroup = E9134C8028A6A62B001D25EC /* Products */;
			projectDirPath = "";
			projectRoot = "";
			targets = (
				E9134C7E28A6A62B001D25EC /* anime365-tvOS */,
				E93D0BFA28B27FAE00DAC11B /* TopShelf */,
			);
		};
/* End PBXProject section */

/* Begin PBXResourcesBuildPhase section */
		E9134C7D28A6A62B001D25EC /* Resources */ = {
			isa = PBXResourcesBuildPhase;
			buildActionMask = 2147483647;
			files = (
				E90CA37628BBC75E00A64A49 /* NewEpisodesCollectionReusableView.xib in Resources */,
				E919189728B3D4DA00FEA503 /* Subscription.storyboard in Resources */,
				E9134C8D28A6A62C001D25EC /* LaunchScreen.storyboard in Resources */,
				E98A4E9F28A9734F000295CD /* TranslationCollectionViewCell.xib in Resources */,
				E98A4E9B28A96EDA000295CD /* TypeOfTraslationCollectionViewCell.xib in Resources */,
				E98A4E8928A9507E000295CD /* EpisodeCollectionViewCell.xib in Resources */,
				E98A4E7C28A92320000295CD /* AnimeCollectionViewCell.xib in Resources */,
				E9134C8A28A6A62C001D25EC /* Assets.xcassets in Resources */,
				E9AF2A9C28B53FB900E8B45E /* SettingsLine.storyboard in Resources */,
				E9134C8828A6A62B001D25EC /* Main.storyboard in Resources */,
				E95DB93528AABEED00D3791B /* EpisodeToWatchCollectionViewCell.xib in Resources */,
			);
			runOnlyForDeploymentPostprocessing = 0;
		};
		E93D0BF928B27FAE00DAC11B /* Resources */ = {
			isa = PBXResourcesBuildPhase;
			buildActionMask = 2147483647;
			files = (
			);
			runOnlyForDeploymentPostprocessing = 0;
		};
/* End PBXResourcesBuildPhase section */

/* Begin PBXShellScriptBuildPhase section */
		0DBFCDB092E3253A58FEA4F2 /* [CP] Check Pods Manifest.lock */ = {
			isa = PBXShellScriptBuildPhase;
			buildActionMask = 2147483647;
			files = (
			);
			inputFileListPaths = (
			);
			inputPaths = (
				"${PODS_PODFILE_DIR_PATH}/Podfile.lock",
				"${PODS_ROOT}/Manifest.lock",
			);
			name = "[CP] Check Pods Manifest.lock";
			outputFileListPaths = (
			);
			outputPaths = (
				"$(DERIVED_FILE_DIR)/Pods-anime365-tvOS-checkManifestLockResult.txt",
			);
			runOnlyForDeploymentPostprocessing = 0;
			shellPath = /bin/sh;
			shellScript = "diff \"${PODS_PODFILE_DIR_PATH}/Podfile.lock\" \"${PODS_ROOT}/Manifest.lock\" > /dev/null\nif [ $? != 0 ] ; then\n    # print error to STDERR\n    echo \"error: The sandbox is not in sync with the Podfile.lock. Run 'pod install' or update your CocoaPods installation.\" >&2\n    exit 1\nfi\n# This output is used by Xcode 'outputs' to avoid re-running this script phase.\necho \"SUCCESS\" > \"${SCRIPT_OUTPUT_FILE_0}\"\n";
			showEnvVarsInLog = 0;
		};
		303638B6C9BC00FF430DDDBC /* [CP] Check Pods Manifest.lock */ = {
			isa = PBXShellScriptBuildPhase;
			buildActionMask = 2147483647;
			files = (
			);
			inputFileListPaths = (
			);
			inputPaths = (
				"${PODS_PODFILE_DIR_PATH}/Podfile.lock",
				"${PODS_ROOT}/Manifest.lock",
			);
			name = "[CP] Check Pods Manifest.lock";
			outputFileListPaths = (
			);
			outputPaths = (
				"$(DERIVED_FILE_DIR)/Pods-TopShelf-checkManifestLockResult.txt",
			);
			runOnlyForDeploymentPostprocessing = 0;
			shellPath = /bin/sh;
			shellScript = "diff \"${PODS_PODFILE_DIR_PATH}/Podfile.lock\" \"${PODS_ROOT}/Manifest.lock\" > /dev/null\nif [ $? != 0 ] ; then\n    # print error to STDERR\n    echo \"error: The sandbox is not in sync with the Podfile.lock. Run 'pod install' or update your CocoaPods installation.\" >&2\n    exit 1\nfi\n# This output is used by Xcode 'outputs' to avoid re-running this script phase.\necho \"SUCCESS\" > \"${SCRIPT_OUTPUT_FILE_0}\"\n";
			showEnvVarsInLog = 0;
		};
		AF8B0FCFE6BCB754C172FAD0 /* [CP] Embed Pods Frameworks */ = {
			isa = PBXShellScriptBuildPhase;
			buildActionMask = 2147483647;
			files = (
			);
			inputFileListPaths = (
				"${PODS_ROOT}/Target Support Files/Pods-anime365-tvOS/Pods-anime365-tvOS-frameworks-${CONFIGURATION}-input-files.xcfilelist",
			);
			name = "[CP] Embed Pods Frameworks";
			outputFileListPaths = (
				"${PODS_ROOT}/Target Support Files/Pods-anime365-tvOS/Pods-anime365-tvOS-frameworks-${CONFIGURATION}-output-files.xcfilelist",
			);
			runOnlyForDeploymentPostprocessing = 0;
			shellPath = /bin/sh;
			shellScript = "\"${PODS_ROOT}/Target Support Files/Pods-anime365-tvOS/Pods-anime365-tvOS-frameworks.sh\"\n";
			showEnvVarsInLog = 0;
		};
/* End PBXShellScriptBuildPhase section */

/* Begin PBXSourcesBuildPhase section */
		E9134C7B28A6A62B001D25EC /* Sources */ = {
			isa = PBXSourcesBuildPhase;
			buildActionMask = 2147483647;
			files = (
				E97E8A5C28BBDC9400DAC4B1 /* SiteShortEpisodeData.swift in Sources */,
				E968976C28A6E45F00C62ACA /* String+Groups.swift in Sources */,
				E98A4EA728A98A2D000295CD /* PlayerViewController.swift in Sources */,
				E9C92E6228B01EF400AB2DD4 /* AnimeDescription.swift in Sources */,
				E98A4E9A28A96EDA000295CD /* TypeOfTraslationCollectionViewCell.swift in Sources */,
				E968976E28A6E4B200C62ACA /* UITextField+ShowError.swift in Sources */,
				E98A4E6128A9029D000295CD /* SiteAnime.swift in Sources */,
				E9134C8528A6A62B001D25EC /* LoginViewController.swift in Sources */,
				E919189528B3D37F00FEA503 /* SettingsViewController.swift in Sources */,
				E98A4E8F28A95E7A000295CD /* SiteTranslation.swift in Sources */,
				E9F77A4728BE5E3A004604F2 /* RatingAnimeViewController.swift in Sources */,
				E90CBB3228AFFCE600FB1692 /* Genre.swift in Sources */,
				E9F77A4428BE4BD5004604F2 /* UILabelViewWithTextLoopAnimation.swift in Sources */,
				E968977228A6E74400C62ACA /* SessionData.swift in Sources */,
				E97E8A6028BBE42F00DAC4B1 /* NewEpisodesData.swift in Sources */,
				E90CA37228BBC54400A64A49 /* NewEpisodesViewController.swift in Sources */,
				E98A4E6628A90549000295CD /* ImageFromInternet.swift in Sources */,
				E9A4B75A28A6F336001A58DD /* CatalogViewController.swift in Sources */,
				E9134C8328A6A62B001D25EC /* AppDelegate.swift in Sources */,
				E98A4EA328A97FAB000295CD /* SiteDownloadTranslationData.swift in Sources */,
				E98A4E9128A95F19000295CD /* Translation.swift in Sources */,
				E9C035D728AD57E400B924B1 /* UICollectionView+UpdateFocus.swift in Sources */,
				E98A4E7B28A92320000295CD /* AnimeCollectionViewCell.swift in Sources */,
				E98A4E6828A905D5000295CD /* SiteGenre.swift in Sources */,
				E9AF2AA128B5516900E8B45E /* FocusableUIView.swift in Sources */,
				E98A4E8D28A95C73000295CD /* SiteEpisodeWithTranslations.swift in Sources */,
				E9F1453E28AB872A00C3A5B2 /* TabBarViewController.swift in Sources */,
				E98A4E9E28A9734F000295CD /* TranslationCollectionViewCell.swift in Sources */,
				E968976828A6B57900C62ACA /* Session.swift in Sources */,
				E98A4E8528A94E30000295CD /* Episode.swift in Sources */,
				E98A4E7F28A92501000295CD /* Anime.swift in Sources */,
				E92F81C028B40408007B610D /* SessionSettings.swift in Sources */,
				E98A4EA128A97EF5000295CD /* SiteTranslationData.swift in Sources */,
				E9C92E6028B01EB300AB2DD4 /* SiteAnimeDescription.swift in Sources */,
				E98A4E8B28A95A40000295CD /* EpisodeWithTranslations.swift in Sources */,
				E98A4E8828A9507E000295CD /* EpisodeCollectionViewCell.swift in Sources */,
				E97E8A5828BBDC2100DAC4B1 /* SiteNewEpisodesData.swift in Sources */,
				E95DB93128AAB13800D3791B /* EpisodesToWatchViewController.swift in Sources */,
				E98A4E6428A903F1000295CD /* SiteEpisode.swift in Sources */,
				E9F1454428ABCDE100C3A5B2 /* AllControlles.swift in Sources */,
				E98A4EA528A9800C000295CD /* SiteStreamTranslationData.swift in Sources */,
				E90CA37528BBC75E00A64A49 /* NewEpisodesCollectionReusableView.swift in Sources */,
				E9AF2A9E28B540AC00E8B45E /* SettingsLineViewController.swift in Sources */,
				E9F1454028ABAE8200C3A5B2 /* SearchViewController.swift in Sources */,
				E968976A28A6C0E500C62ACA /* Networker.swift in Sources */,
				E98A4E6A28A911DF000295CD /* SiteResult.swift in Sources */,
				E919189928B3D83400FEA503 /* SubscriptionViewController.swift in Sources */,
				E95DB93428AABEED00D3791B /* EpisodeToWatchCollectionViewCell.swift in Sources */,
				E9060C2528BCD9330069FC7A /* LoadedUIViewController.swift in Sources */,
				E96646FF28AEA6850031E4EF /* MainCollectionViewCell.swift in Sources */,
				E98A4E9328A9649C000295CD /* EpisodeViewController.swift in Sources */,
				E98A4E8128A93CAF000295CD /* AnimeViewController.swift in Sources */,
				E9C035D528AD526200B924B1 /* CatalogViewControllerDelegate.swift in Sources */,
				E97E8A6228BBE45D00DAC4B1 /* ShortEpisodeData.swift in Sources */,
			);
			runOnlyForDeploymentPostprocessing = 0;
		};
		E93D0BF728B27FAE00DAC11B /* Sources */ = {
			isa = PBXSourcesBuildPhase;
			buildActionMask = 2147483647;
			files = (
				E93D0C1C28B2856900DAC11B /* SiteStreamTranslationData.swift in Sources */,
				E93D0C0B28B2831100DAC11B /* Session.swift in Sources */,
				E93D0C1328B2856400DAC11B /* EpisodeWithTranslations.swift in Sources */,
				E93D0C1728B2856900DAC11B /* SiteAnimeDescription.swift in Sources */,
				E93D0C1F28B2858000DAC11B /* UICollectionView+UpdateFocus.swift in Sources */,
				E93D0C1528B2856900DAC11B /* SiteEpisode.swift in Sources */,
				E93D0C1128B2856400DAC11B /* Episode.swift in Sources */,
				E9F77A4528BE4C89004604F2 /* UILabelViewWithTextLoopAnimation.swift in Sources */,
				E93D0C1D28B2856900DAC11B /* SiteTranslationData.swift in Sources */,
				E97E8A6328BBE4EB00DAC4B1 /* NewEpisodesData.swift in Sources */,
				E97E8A6428BBE4EF00DAC4B1 /* ShortEpisodeData.swift in Sources */,
				E93D0C1E28B2858000DAC11B /* UITextField+ShowError.swift in Sources */,
				E93D0C1228B2856400DAC11B /* AnimeDescription.swift in Sources */,
				E93D0C0028B27FAE00DAC11B /* ContentProvider.swift in Sources */,
				E93D0C2028B2858000DAC11B /* String+Groups.swift in Sources */,
				E93D0C0F28B2855F00DAC11B /* Anime.swift in Sources */,
				E93D0C1828B2856900DAC11B /* SiteGenre.swift in Sources */,
				E93D0C1928B2856900DAC11B /* SiteAnime.swift in Sources */,
				E93D0C2228B2859E00DAC11B /* Genre.swift in Sources */,
				E92F81C128B404EA007B610D /* SessionSettings.swift in Sources */,
				E93D0C1428B2856900DAC11B /* SiteDownloadTranslationData.swift in Sources */,
				E93D0C0D28B2855800DAC11B /* SessionData.swift in Sources */,
				E93D0C1028B2856400DAC11B /* Translation.swift in Sources */,
				E97E8A5E28BBDCD800DAC4B1 /* SiteShortEpisodeData.swift in Sources */,
				E93D0C1A28B2856900DAC11B /* SiteTranslation.swift in Sources */,
				E93D0C0E28B2855B00DAC11B /* ImageFromInternet.swift in Sources */,
				E97E8A5D28BBDCD500DAC4B1 /* SiteNewEpisodesData.swift in Sources */,
				E93D0C0C28B283EE00DAC11B /* Networker.swift in Sources */,
				E93D0C1628B2856900DAC11B /* SiteEpisodeWithTranslations.swift in Sources */,
				E93D0C1B28B2856900DAC11B /* SiteResult.swift in Sources */,
			);
			runOnlyForDeploymentPostprocessing = 0;
		};
/* End PBXSourcesBuildPhase section */

/* Begin PBXTargetDependency section */
		E93D0C0328B27FAE00DAC11B /* PBXTargetDependency */ = {
			isa = PBXTargetDependency;
			target = E93D0BFA28B27FAE00DAC11B /* TopShelf */;
			targetProxy = E93D0C0228B27FAE00DAC11B /* PBXContainerItemProxy */;
		};
/* End PBXTargetDependency section */

/* Begin PBXVariantGroup section */
		E9134C8628A6A62B001D25EC /* Main.storyboard */ = {
			isa = PBXVariantGroup;
			children = (
				E9134C8728A6A62B001D25EC /* Base */,
			);
			name = Main.storyboard;
			sourceTree = "<group>";
		};
		E9134C8B28A6A62C001D25EC /* LaunchScreen.storyboard */ = {
			isa = PBXVariantGroup;
			children = (
				E9134C8C28A6A62C001D25EC /* Base */,
			);
			name = LaunchScreen.storyboard;
			sourceTree = "<group>";
		};
/* End PBXVariantGroup section */

/* Begin XCBuildConfiguration section */
		E9134C8E28A6A62C001D25EC /* Debug */ = {
			isa = XCBuildConfiguration;
			buildSettings = {
				ALWAYS_SEARCH_USER_PATHS = NO;
				CLANG_ANALYZER_NONNULL = YES;
				CLANG_ANALYZER_NUMBER_OBJECT_CONVERSION = YES_AGGRESSIVE;
				CLANG_CXX_LANGUAGE_STANDARD = "gnu++17";
				CLANG_ENABLE_MODULES = YES;
				CLANG_ENABLE_OBJC_ARC = YES;
				CLANG_ENABLE_OBJC_WEAK = YES;
				CLANG_WARN_BLOCK_CAPTURE_AUTORELEASING = YES;
				CLANG_WARN_BOOL_CONVERSION = YES;
				CLANG_WARN_COMMA = YES;
				CLANG_WARN_CONSTANT_CONVERSION = YES;
				CLANG_WARN_DEPRECATED_OBJC_IMPLEMENTATIONS = YES;
				CLANG_WARN_DIRECT_OBJC_ISA_USAGE = YES_ERROR;
				CLANG_WARN_DOCUMENTATION_COMMENTS = YES;
				CLANG_WARN_EMPTY_BODY = YES;
				CLANG_WARN_ENUM_CONVERSION = YES;
				CLANG_WARN_INFINITE_RECURSION = YES;
				CLANG_WARN_INT_CONVERSION = YES;
				CLANG_WARN_NON_LITERAL_NULL_CONVERSION = YES;
				CLANG_WARN_OBJC_IMPLICIT_RETAIN_SELF = YES;
				CLANG_WARN_OBJC_LITERAL_CONVERSION = YES;
				CLANG_WARN_OBJC_ROOT_CLASS = YES_ERROR;
				CLANG_WARN_QUOTED_INCLUDE_IN_FRAMEWORK_HEADER = YES;
				CLANG_WARN_RANGE_LOOP_ANALYSIS = YES;
				CLANG_WARN_STRICT_PROTOTYPES = YES;
				CLANG_WARN_SUSPICIOUS_MOVE = YES;
				CLANG_WARN_UNGUARDED_AVAILABILITY = YES_AGGRESSIVE;
				CLANG_WARN_UNREACHABLE_CODE = YES;
				CLANG_WARN__DUPLICATE_METHOD_MATCH = YES;
				COPY_PHASE_STRIP = NO;
				DEBUG_INFORMATION_FORMAT = dwarf;
				ENABLE_STRICT_OBJC_MSGSEND = YES;
				ENABLE_TESTABILITY = YES;
				GCC_C_LANGUAGE_STANDARD = gnu11;
				GCC_DYNAMIC_NO_PIC = NO;
				GCC_NO_COMMON_BLOCKS = YES;
				GCC_OPTIMIZATION_LEVEL = 0;
				GCC_PREPROCESSOR_DEFINITIONS = (
					"DEBUG=1",
					"$(inherited)",
				);
				GCC_WARN_64_TO_32_BIT_CONVERSION = YES;
				GCC_WARN_ABOUT_RETURN_TYPE = YES_ERROR;
				GCC_WARN_UNDECLARED_SELECTOR = YES;
				GCC_WARN_UNINITIALIZED_AUTOS = YES_AGGRESSIVE;
				GCC_WARN_UNUSED_FUNCTION = YES;
				GCC_WARN_UNUSED_VARIABLE = YES;
				MTL_ENABLE_DEBUG_INFO = INCLUDE_SOURCE;
				MTL_FAST_MATH = YES;
				ONLY_ACTIVE_ARCH = YES;
				SDKROOT = appletvos;
				SWIFT_ACTIVE_COMPILATION_CONDITIONS = DEBUG;
				SWIFT_OPTIMIZATION_LEVEL = "-Onone";
				TVOS_DEPLOYMENT_TARGET = 15.4;
			};
			name = Debug;
		};
		E9134C8F28A6A62C001D25EC /* Release */ = {
			isa = XCBuildConfiguration;
			buildSettings = {
				ALWAYS_SEARCH_USER_PATHS = NO;
				CLANG_ANALYZER_NONNULL = YES;
				CLANG_ANALYZER_NUMBER_OBJECT_CONVERSION = YES_AGGRESSIVE;
				CLANG_CXX_LANGUAGE_STANDARD = "gnu++17";
				CLANG_ENABLE_MODULES = YES;
				CLANG_ENABLE_OBJC_ARC = YES;
				CLANG_ENABLE_OBJC_WEAK = YES;
				CLANG_WARN_BLOCK_CAPTURE_AUTORELEASING = YES;
				CLANG_WARN_BOOL_CONVERSION = YES;
				CLANG_WARN_COMMA = YES;
				CLANG_WARN_CONSTANT_CONVERSION = YES;
				CLANG_WARN_DEPRECATED_OBJC_IMPLEMENTATIONS = YES;
				CLANG_WARN_DIRECT_OBJC_ISA_USAGE = YES_ERROR;
				CLANG_WARN_DOCUMENTATION_COMMENTS = YES;
				CLANG_WARN_EMPTY_BODY = YES;
				CLANG_WARN_ENUM_CONVERSION = YES;
				CLANG_WARN_INFINITE_RECURSION = YES;
				CLANG_WARN_INT_CONVERSION = YES;
				CLANG_WARN_NON_LITERAL_NULL_CONVERSION = YES;
				CLANG_WARN_OBJC_IMPLICIT_RETAIN_SELF = YES;
				CLANG_WARN_OBJC_LITERAL_CONVERSION = YES;
				CLANG_WARN_OBJC_ROOT_CLASS = YES_ERROR;
				CLANG_WARN_QUOTED_INCLUDE_IN_FRAMEWORK_HEADER = YES;
				CLANG_WARN_RANGE_LOOP_ANALYSIS = YES;
				CLANG_WARN_STRICT_PROTOTYPES = YES;
				CLANG_WARN_SUSPICIOUS_MOVE = YES;
				CLANG_WARN_UNGUARDED_AVAILABILITY = YES_AGGRESSIVE;
				CLANG_WARN_UNREACHABLE_CODE = YES;
				CLANG_WARN__DUPLICATE_METHOD_MATCH = YES;
				COPY_PHASE_STRIP = NO;
				DEBUG_INFORMATION_FORMAT = "dwarf-with-dsym";
				ENABLE_NS_ASSERTIONS = NO;
				ENABLE_STRICT_OBJC_MSGSEND = YES;
				GCC_C_LANGUAGE_STANDARD = gnu11;
				GCC_NO_COMMON_BLOCKS = YES;
				GCC_WARN_64_TO_32_BIT_CONVERSION = YES;
				GCC_WARN_ABOUT_RETURN_TYPE = YES_ERROR;
				GCC_WARN_UNDECLARED_SELECTOR = YES;
				GCC_WARN_UNINITIALIZED_AUTOS = YES_AGGRESSIVE;
				GCC_WARN_UNUSED_FUNCTION = YES;
				GCC_WARN_UNUSED_VARIABLE = YES;
				MTL_ENABLE_DEBUG_INFO = NO;
				MTL_FAST_MATH = YES;
				SDKROOT = appletvos;
				SWIFT_COMPILATION_MODE = wholemodule;
				SWIFT_OPTIMIZATION_LEVEL = "-O";
				TVOS_DEPLOYMENT_TARGET = 15.4;
				VALIDATE_PRODUCT = YES;
			};
			name = Release;
		};
		E9134C9128A6A62C001D25EC /* Debug */ = {
			isa = XCBuildConfiguration;
			baseConfigurationReference = 8A6025DBE0121808A8DE9E74 /* Pods-anime365-tvOS.debug.xcconfig */;
			buildSettings = {
				ALWAYS_EMBED_SWIFT_STANDARD_LIBRARIES = YES;
				ASSETCATALOG_COMPILER_APPICON_NAME = "App Icon & Top Shelf Image";
				ASSETCATALOG_COMPILER_GLOBAL_ACCENT_COLOR_NAME = AccentColor;
				CODE_SIGN_ENTITLEMENTS = "anime365-tvOS/anime365-tvOS.entitlements";
				CODE_SIGN_STYLE = Automatic;
				CURRENT_PROJECT_VERSION = 1;
				DEVELOPMENT_TEAM = T485BBUDS7;
				GENERATE_INFOPLIST_FILE = YES;
				INFOPLIST_FILE = "anime365-tvOS/Info.plist";
				INFOPLIST_KEY_UILaunchStoryboardName = LaunchScreen;
				INFOPLIST_KEY_UIMainStoryboardFile = Main;
				INFOPLIST_KEY_UIUserInterfaceStyle = Automatic;
				LD_RUNPATH_SEARCH_PATHS = (
					"$(inherited)",
					"@executable_path/Frameworks",
				);
				MARKETING_VERSION = 0.9;
				PRODUCT_BUNDLE_IDENTIFIER = "wizaxxx.anime365-tvOS";
				PRODUCT_NAME = "$(TARGET_NAME)";
				SWIFT_EMIT_LOC_STRINGS = YES;
				SWIFT_VERSION = 5.0;
				TARGETED_DEVICE_FAMILY = 3;
				TVOS_DEPLOYMENT_TARGET = 15.0;
			};
			name = Debug;
		};
		E9134C9228A6A62C001D25EC /* Release */ = {
			isa = XCBuildConfiguration;
			baseConfigurationReference = 8956EF48CD7B572188958574 /* Pods-anime365-tvOS.release.xcconfig */;
			buildSettings = {
				ALWAYS_EMBED_SWIFT_STANDARD_LIBRARIES = YES;
				ASSETCATALOG_COMPILER_APPICON_NAME = "App Icon & Top Shelf Image";
				ASSETCATALOG_COMPILER_GLOBAL_ACCENT_COLOR_NAME = AccentColor;
				CODE_SIGN_ENTITLEMENTS = "anime365-tvOS/anime365-tvOS.entitlements";
				CODE_SIGN_STYLE = Automatic;
				CURRENT_PROJECT_VERSION = 1;
				DEVELOPMENT_TEAM = T485BBUDS7;
				GENERATE_INFOPLIST_FILE = YES;
				INFOPLIST_FILE = "anime365-tvOS/Info.plist";
				INFOPLIST_KEY_UILaunchStoryboardName = LaunchScreen;
				INFOPLIST_KEY_UIMainStoryboardFile = Main;
				INFOPLIST_KEY_UIUserInterfaceStyle = Automatic;
				LD_RUNPATH_SEARCH_PATHS = (
					"$(inherited)",
					"@executable_path/Frameworks",
				);
				MARKETING_VERSION = 0.9;
				PRODUCT_BUNDLE_IDENTIFIER = "wizaxxx.anime365-tvOS";
				PRODUCT_NAME = "$(TARGET_NAME)";
				SWIFT_EMIT_LOC_STRINGS = YES;
				SWIFT_VERSION = 5.0;
				TARGETED_DEVICE_FAMILY = 3;
				TVOS_DEPLOYMENT_TARGET = 15.0;
			};
			name = Release;
		};
		E93D0C0628B27FAE00DAC11B /* Debug */ = {
			isa = XCBuildConfiguration;
			baseConfigurationReference = 4A9716A40973B0EE80D5B0A9 /* Pods-TopShelf.debug.xcconfig */;
			buildSettings = {
				CODE_SIGN_ENTITLEMENTS = TopShelf/TopShelf.entitlements;
				CODE_SIGN_STYLE = Automatic;
				CURRENT_PROJECT_VERSION = 1;
				DEVELOPMENT_TEAM = T485BBUDS7;
				GENERATE_INFOPLIST_FILE = YES;
				INFOPLIST_FILE = TopShelf/Info.plist;
				INFOPLIST_KEY_CFBundleDisplayName = TopShelf;
				INFOPLIST_KEY_NSHumanReadableCopyright = "";
				LD_RUNPATH_SEARCH_PATHS = (
					"$(inherited)",
					"@executable_path/Frameworks",
					"@executable_path/../../Frameworks",
				);
				MARKETING_VERSION = 1.0;
				PRODUCT_BUNDLE_IDENTIFIER = "wizaxxx.anime365-tvOS.TopShelf";
				PRODUCT_NAME = "$(TARGET_NAME)";
				SKIP_INSTALL = YES;
				SWIFT_EMIT_LOC_STRINGS = YES;
				SWIFT_VERSION = 5.0;
				TARGETED_DEVICE_FAMILY = 3;
			};
			name = Debug;
		};
		E93D0C0728B27FAE00DAC11B /* Release */ = {
			isa = XCBuildConfiguration;
			baseConfigurationReference = E5E25695AD81E98D7568417A /* Pods-TopShelf.release.xcconfig */;
			buildSettings = {
				CODE_SIGN_ENTITLEMENTS = TopShelf/TopShelf.entitlements;
				CODE_SIGN_STYLE = Automatic;
				CURRENT_PROJECT_VERSION = 1;
				DEVELOPMENT_TEAM = T485BBUDS7;
				GENERATE_INFOPLIST_FILE = YES;
				INFOPLIST_FILE = TopShelf/Info.plist;
				INFOPLIST_KEY_CFBundleDisplayName = TopShelf;
				INFOPLIST_KEY_NSHumanReadableCopyright = "";
				LD_RUNPATH_SEARCH_PATHS = (
					"$(inherited)",
					"@executable_path/Frameworks",
					"@executable_path/../../Frameworks",
				);
				MARKETING_VERSION = 1.0;
				PRODUCT_BUNDLE_IDENTIFIER = "wizaxxx.anime365-tvOS.TopShelf";
				PRODUCT_NAME = "$(TARGET_NAME)";
				SKIP_INSTALL = YES;
				SWIFT_EMIT_LOC_STRINGS = YES;
				SWIFT_VERSION = 5.0;
				TARGETED_DEVICE_FAMILY = 3;
			};
			name = Release;
		};
/* End XCBuildConfiguration section */

/* Begin XCConfigurationList section */
		E9134C7A28A6A62B001D25EC /* Build configuration list for PBXProject "anime365-tvOS" */ = {
			isa = XCConfigurationList;
			buildConfigurations = (
				E9134C8E28A6A62C001D25EC /* Debug */,
				E9134C8F28A6A62C001D25EC /* Release */,
			);
			defaultConfigurationIsVisible = 0;
			defaultConfigurationName = Release;
		};
		E9134C9028A6A62C001D25EC /* Build configuration list for PBXNativeTarget "anime365-tvOS" */ = {
			isa = XCConfigurationList;
			buildConfigurations = (
				E9134C9128A6A62C001D25EC /* Debug */,
				E9134C9228A6A62C001D25EC /* Release */,
			);
			defaultConfigurationIsVisible = 0;
			defaultConfigurationName = Release;
		};
		E93D0C0828B27FAE00DAC11B /* Build configuration list for PBXNativeTarget "TopShelf" */ = {
			isa = XCConfigurationList;
			buildConfigurations = (
				E93D0C0628B27FAE00DAC11B /* Debug */,
				E93D0C0728B27FAE00DAC11B /* Release */,
			);
			defaultConfigurationIsVisible = 0;
			defaultConfigurationName = Release;
		};
/* End XCConfigurationList section */
	};
	rootObject = E9134C7728A6A62B001D25EC /* Project object */;
}
